<?xml version="1.0" encoding="UTF-8"?>
<Scheme
   LastUpgradeVersion = "0500"
   version = "1.7">
   <BuildAction
      parallelizeBuildables = "YES"
      buildImplicitDependencies = "YES">
      <PostActions>
         <ExecutionAction
            ActionType = "Xcode.IDEStandardExecutionActionsCore.ExecutionActionType.ShellScriptAction">
            <ActionContent
               title = "Run Script"
               scriptText = "exec &gt; /tmp/automated_test.log.txt 2&gt;&amp;1&#10;&#10;echo &quot;Running as ${USER}|${USERNAME}|${HOME}&quot;&#10;&#10;xcodebuild -workspace ${SRCROOT}/PocketCampus.xcworkspace/ -scheme PocketCampus -sdk iphonesimulator&#10;&#10;echo &quot;App ${EXECUTABLE_FOLDER_PATH}&quot;&#10;#APP=&quot;${ARCHIVE_PRODUCTS_PATH}${INSTALL_PATH}/${WRAPPER_NAME}&quot;&#10;APP=&quot;${BUILD_ROOT}/Debug-iphonesimulator/${EXECUTABLE_FOLDER_PATH}&quot;&#10;#APP=&quot;${EXECUTABLE_FOLDER_PATH}&quot;&#10;echo $APP&#10;&#10;XCODE_DIR=`dirname ${DEVELOPER_DIR}`&#10;TEMPLATE=&quot;${XCODE_DIR}/Applications/Instruments.app/Contents/PlugIns/AutomationInstrument.bundle/Contents/Resources/Automation.tracetemplate&quot;&#10;instruments -t ${TEMPLATE} &quot;${APP}&quot; -e UIASCRIPT ${SRCROOT}/AutomationScripts/PocketCampusAutoMonkey.js -e UIARESULTSPATH ${SRCROOT}/AutomationScripts/">
               <EnvironmentBuildable>
                  <BuildableReference
                     BuildableIdentifier = "primary"
                     BlueprintIdentifier = "3219EF4B14FCDE4900A271CD"
                     BuildableName = "PocketCampus.app"
                     BlueprintName = "PocketCampus"
                     ReferencedContainer = "container:PocketCampus.xcodeproj">
                  </BuildableReference>
               </EnvironmentBuildable>
            </ActionContent>
         </ExecutionAction>
      </PostActions>
      <BuildActionEntries>
         <BuildActionEntry
            buildForTesting = "NO"
            buildForRunning = "YES"
            buildForProfiling = "NO"
            buildForArchiving = "NO"
            buildForAnalyzing = "NO">
            <BuildableReference
               BuildableIdentifier = "primary"
               BlueprintIdentifier = "3219EF4B14FCDE4900A271CD"
               BuildableName = "PocketCampus.app"
               BlueprintName = "PocketCampus"
               ReferencedContainer = "container:PocketCampus.xcodeproj">
            </BuildableReference>
         </BuildActionEntry>
      </BuildActionEntries>
   </BuildAction>
   <TestAction
      selectedDebuggerIdentifier = "Xcode.DebuggerFoundation.Debugger.LLDB"
      selectedLauncherIdentifier = "Xcode.DebuggerFoundation.Launcher.LLDB"
      shouldUseLaunchSchemeArgsEnv = "YES"
      buildConfiguration = "Debug">
      <Testables>
      </Testables>
   </TestAction>
   <LaunchAction
      selectedDebuggerIdentifier = "Xcode.DebuggerFoundation.Debugger.LLDB"
      selectedLauncherIdentifier = "Xcode.DebuggerFoundation.Launcher.LLDB"
      launchStyle = "0"
      useCustomWorkingDirectory = "NO"
      buildConfiguration = "Debug"
      ignoresPersistentStateOnLaunch = "NO"
      debugDocumentVersioning = "YES"
      allowLocationSimulation = "YES">
      <BuildableProductRunnable>
         <BuildableReference
            BuildableIdentifier = "primary"
            BlueprintIdentifier = "3219EF4B14FCDE4900A271CD"
            BuildableName = "PocketCampus.app"
            BlueprintName = "PocketCampus"
            ReferencedContainer = "container:PocketCampus.xcodeproj">
         </BuildableReference>
      </BuildableProductRunnable>
      <AdditionalOptions>
      </AdditionalOptions>
   </LaunchAction>
   <ProfileAction
      shouldUseLaunchSchemeArgsEnv = "YES"
      savedToolIdentifier = ""
      useCustomWorkingDirectory = "NO"
      buildConfiguration = "Debug"
      debugDocumentVersioning = "YES">
      <CommandLineArguments>
         <CommandLineArgument
            argument = "-w -t /Applications/Xcode.app/Contents/Developer/Platforms/iPhoneOS.platform/Developer/Library/Instruments/PlugIns/AutomationInstrument.bundle/Contents/Resources/Automation.tracetemplate -e /Users/loicgardiol/Dropbox/EPFL/Branches/Project/Source/PocketCampus/AutomationScripts/News.js"
            isEnabled = "YES">
         </CommandLineArgument>
      </CommandLineArguments>
   </ProfileAction>
   <AnalyzeAction
      buildConfiguration = "Debug">
   </AnalyzeAction>
   <ArchiveAction
      buildConfiguration = "Release"
      revealArchiveInOrganizer = "YES">
      <PostActions>
         <ExecutionAction
            ActionType = "Xcode.IDEStandardExecutionActionsCore.ExecutionActionType.ShellScriptAction">
            <ActionContent
               title = "Run Script"
               scriptText = "">
            </ActionContent>
         </ExecutionAction>
      </PostActions>
   </ArchiveAction>
</Scheme>
