
Microsoft Visual Studio Solution File, Format Version 12.00
# Visual Studio 2013
VisualStudioVersion = 12.0.30723.0
MinimumVisualStudioVersion = 10.0.40219.1
Project("{FAE04EC0-301F-11D3-BF4B-00C04F79EFBC}") = "PocketCampus.Main.WindowsPhone", "Source\Main.WindowsPhone\PocketCampus.Main.WindowsPhone.csproj", "{AF9FF1D1-FDAC-42A1-841C-65DB481066FB}"
EndProject
Project("{FAE04EC0-301F-11D3-BF4B-00C04F79EFBC}") = "PocketCampus.Camipro", "Source\Camipro\PocketCampus.Camipro.csproj", "{2AB0060F-5611-4AEB-9210-D8496CFC421D}"
EndProject
Project("{FAE04EC0-301F-11D3-BF4B-00C04F79EFBC}") = "PocketCampus.Common.WindowsPhone", "Source\Common.WindowsPhone\PocketCampus.Common.WindowsPhone.csproj", "{DA337688-F11F-48A8-A1E6-AF0798C0651F}"
EndProject
Project("{FAE04EC0-301F-11D3-BF4B-00C04F79EFBC}") = "PocketCampus.Common", "Source\Common\PocketCampus.Common.csproj", "{F780F0DD-8A14-4E72-9525-A11D792CBFAB}"
EndProject
Project("{FAE04EC0-301F-11D3-BF4B-00C04F79EFBC}") = "PocketCampus.Camipro.WindowsPhone", "Source\Camipro.WindowsPhone\PocketCampus.Camipro.WindowsPhone.csproj", "{D16579BC-07A7-4B3C-9611-798D6D0721E5}"
EndProject
Project("{FAE04EC0-301F-11D3-BF4B-00C04F79EFBC}") = "PocketCampus.Food", "Source\Food\PocketCampus.Food.csproj", "{36ED8CE4-44DF-4AF0-9F42-138289F663A9}"
EndProject
Project("{FAE04EC0-301F-11D3-BF4B-00C04F79EFBC}") = "PocketCampus.Food.WindowsPhone", "Source\Food.WindowsPhone\PocketCampus.Food.WindowsPhone.csproj", "{364C42F1-3C59-4250-9F43-4F6DD3AC6918}"
EndProject
Project("{FAE04EC0-301F-11D3-BF4B-00C04F79EFBC}") = "PocketCampus.News", "Source\News\PocketCampus.News.csproj", "{3E4ADE30-7398-4612-A390-B68BF6175620}"
EndProject
Project("{FAE04EC0-301F-11D3-BF4B-00C04F79EFBC}") = "PocketCampus.News.WindowsPhone", "Source\News.WindowsPhone\PocketCampus.News.WindowsPhone.csproj", "{45C81E94-8197-4805-9575-E1EBC960C6E9}"
EndProject
Project("{FAE04EC0-301F-11D3-BF4B-00C04F79EFBC}") = "PocketCampus.Satellite", "Source\Satellite\PocketCampus.Satellite.csproj", "{94FB2B30-AA95-41E8-9B2F-6AF7D37355E1}"
EndProject
Project("{FAE04EC0-301F-11D3-BF4B-00C04F79EFBC}") = "PocketCampus.Satellite.WindowsPhone", "Source\Satellite.WindowsPhone\PocketCampus.Satellite.WindowsPhone.csproj", "{F71288EE-9889-4A8E-ABA3-4727AF3D15B2}"
EndProject
Project("{FAE04EC0-301F-11D3-BF4B-00C04F79EFBC}") = "PocketCampus.IsAcademia", "Source\IsAcademia\PocketCampus.IsAcademia.csproj", "{6B1E34FE-AB5D-49E8-923C-2CE10472BBCB}"
EndProject
Project("{FAE04EC0-301F-11D3-BF4B-00C04F79EFBC}") = "PocketCampus.IsAcademia.WindowsPhone", "Source\IsAcademia.WindowsPhone\PocketCampus.IsAcademia.WindowsPhone.csproj", "{9B1BD61F-84F8-4876-9249-B2B6CC9D9E05}"
EndProject
Project("{FAE04EC0-301F-11D3-BF4B-00C04F79EFBC}") = "PocketCampus.Transport", "Source\Transport\PocketCampus.Transport.csproj", "{7D663977-D179-4AF3-B3B8-671159C976E6}"
EndProject
Project("{FAE04EC0-301F-11D3-BF4B-00C04F79EFBC}") = "PocketCampus.Transport.WindowsPhone", "Source\Transport.WindowsPhone\PocketCampus.Transport.WindowsPhone.csproj", "{1E86AD7A-26C3-4B45-9029-6F2FDBC40B78}"
EndProject
Project("{FAE04EC0-301F-11D3-BF4B-00C04F79EFBC}") = "PocketCampus.Map", "Source\Map\PocketCampus.Map.csproj", "{986B1475-023C-41A1-903C-7A48FFC55ADF}"
EndProject
Project("{FAE04EC0-301F-11D3-BF4B-00C04F79EFBC}") = "PocketCampus.Map.WindowsPhone", "Source\Map.WindowsPhone\PocketCampus.Map.WindowsPhone.csproj", "{5CCE2247-9966-4D14-8634-2C9698717554}"
EndProject
Project("{FAE04EC0-301F-11D3-BF4B-00C04F79EFBC}") = "PocketCampus.Moodle", "Source\Moodle\PocketCampus.Moodle.csproj", "{1BE81A3A-E8ED-4659-ADE1-394450E59B69}"
EndProject
Project("{FAE04EC0-301F-11D3-BF4B-00C04F79EFBC}") = "PocketCampus.Moodle.WindowsPhone", "Source\Moodle.WindowsPhone\PocketCampus.Moodle.WindowsPhone.csproj", "{832B58A2-F7FE-4325-ACD8-4952479A6EE0}"
EndProject
Project("{FAE04EC0-301F-11D3-BF4B-00C04F79EFBC}") = "PocketCampus.Main", "Source\Main\PocketCampus.Main.csproj", "{A1A50035-9654-49C2-AFA4-F21B25F7C3B7}"
EndProject
Project("{FAE04EC0-301F-11D3-BF4B-00C04F79EFBC}") = "PocketCampus.Directory", "Source\Directory\PocketCampus.Directory.csproj", "{C3793263-070C-4DA7-994C-E116E63F9DE6}"
EndProject
Project("{FAE04EC0-301F-11D3-BF4B-00C04F79EFBC}") = "PocketCampus.Directory.WindowsPhone", "Source\Directory.WindowsPhone\PocketCampus.Directory.WindowsPhone.csproj", "{E6A845B2-EEDD-4D20-9895-3BB187C15E81}"
EndProject
Project("{FAE04EC0-301F-11D3-BF4B-00C04F79EFBC}") = "PocketCampus.Events", "Source\Events\PocketCampus.Events.csproj", "{FA7A34C6-DD2B-48C1-827B-2B56BD634996}"
EndProject
Project("{FAE04EC0-301F-11D3-BF4B-00C04F79EFBC}") = "PocketCampus.Events.WindowsPhone", "Source\Events.WindowsPhone\PocketCampus.Events.WindowsPhone.csproj", "{248C6CF6-C940-42E4-AC38-C31F3726DD44}"
EndProject
Project("{2150E333-8FDC-42A3-9474-1A3956D46DE8}") = ".nuget", ".nuget", "{F6311D09-62EE-4FBF-A3C0-0AE400039E63}"
	ProjectSection(SolutionItems) = preProject
		.nuget\NuGet.Config = .nuget\NuGet.Config
		.nuget\NuGet.exe = .nuget\NuGet.exe
		.nuget\NuGet.targets = .nuget\NuGet.targets
	EndProjectSection
EndProject
Project("{FAE04EC0-301F-11D3-BF4B-00C04F79EFBC}") = "PocketCampus.Authentication.WindowsPhone", "Source\Authentication.WindowsPhone\PocketCampus.Authentication.WindowsPhone.csproj", "{0093183A-CAB3-4E91-907D-0F6C48D98993}"
EndProject
Project("{FAE04EC0-301F-11D3-BF4B-00C04F79EFBC}") = "PocketCampus.Authentication", "Source\Authentication\PocketCampus.Authentication.csproj", "{B1780E96-7E18-47C0-9E93-1086D9491815}"
EndProject
Global
	GlobalSection(SolutionConfigurationPlatforms) = preSolution
		Debug|Any CPU = Debug|Any CPU
		Debug|ARM = Debug|ARM
		Debug|x86 = Debug|x86
		Release|Any CPU = Release|Any CPU
		Release|ARM = Release|ARM
		Release|x86 = Release|x86
	EndGlobalSection
	GlobalSection(ProjectConfigurationPlatforms) = postSolution
		{AF9FF1D1-FDAC-42A1-841C-65DB481066FB}.Debug|Any CPU.ActiveCfg = Debug|Any CPU
		{AF9FF1D1-FDAC-42A1-841C-65DB481066FB}.Debug|Any CPU.Build.0 = Debug|Any CPU
		{AF9FF1D1-FDAC-42A1-841C-65DB481066FB}.Debug|Any CPU.Deploy.0 = Debug|Any CPU
		{AF9FF1D1-FDAC-42A1-841C-65DB481066FB}.Debug|ARM.ActiveCfg = Debug|ARM
		{AF9FF1D1-FDAC-42A1-841C-65DB481066FB}.Debug|ARM.Build.0 = Debug|ARM
		{AF9FF1D1-FDAC-42A1-841C-65DB481066FB}.Debug|ARM.Deploy.0 = Debug|ARM
		{AF9FF1D1-FDAC-42A1-841C-65DB481066FB}.Debug|x86.ActiveCfg = Debug|x86
		{AF9FF1D1-FDAC-42A1-841C-65DB481066FB}.Debug|x86.Build.0 = Debug|x86
		{AF9FF1D1-FDAC-42A1-841C-65DB481066FB}.Debug|x86.Deploy.0 = Debug|x86
		{AF9FF1D1-FDAC-42A1-841C-65DB481066FB}.Release|Any CPU.ActiveCfg = Release|Any CPU
		{AF9FF1D1-FDAC-42A1-841C-65DB481066FB}.Release|Any CPU.Build.0 = Release|Any CPU
		{AF9FF1D1-FDAC-42A1-841C-65DB481066FB}.Release|Any CPU.Deploy.0 = Release|Any CPU
		{AF9FF1D1-FDAC-42A1-841C-65DB481066FB}.Release|ARM.ActiveCfg = Release|ARM
		{AF9FF1D1-FDAC-42A1-841C-65DB481066FB}.Release|ARM.Build.0 = Release|ARM
		{AF9FF1D1-FDAC-42A1-841C-65DB481066FB}.Release|ARM.Deploy.0 = Release|ARM
		{AF9FF1D1-FDAC-42A1-841C-65DB481066FB}.Release|x86.ActiveCfg = Release|x86
		{AF9FF1D1-FDAC-42A1-841C-65DB481066FB}.Release|x86.Build.0 = Release|x86
		{AF9FF1D1-FDAC-42A1-841C-65DB481066FB}.Release|x86.Deploy.0 = Release|x86
		{2AB0060F-5611-4AEB-9210-D8496CFC421D}.Debug|Any CPU.ActiveCfg = Debug|Any CPU
		{2AB0060F-5611-4AEB-9210-D8496CFC421D}.Debug|Any CPU.Build.0 = Debug|Any CPU
		{2AB0060F-5611-4AEB-9210-D8496CFC421D}.Debug|ARM.ActiveCfg = Debug|Any CPU
		{2AB0060F-5611-4AEB-9210-D8496CFC421D}.Debug|ARM.Build.0 = Debug|Any CPU
		{2AB0060F-5611-4AEB-9210-D8496CFC421D}.Debug|x86.ActiveCfg = Debug|Any CPU
		{2AB0060F-5611-4AEB-9210-D8496CFC421D}.Debug|x86.Build.0 = Debug|Any CPU
		{2AB0060F-5611-4AEB-9210-D8496CFC421D}.Release|Any CPU.ActiveCfg = Release|Any CPU
		{2AB0060F-5611-4AEB-9210-D8496CFC421D}.Release|Any CPU.Build.0 = Release|Any CPU
		{2AB0060F-5611-4AEB-9210-D8496CFC421D}.Release|ARM.ActiveCfg = Release|Any CPU
		{2AB0060F-5611-4AEB-9210-D8496CFC421D}.Release|ARM.Build.0 = Release|Any CPU
		{2AB0060F-5611-4AEB-9210-D8496CFC421D}.Release|x86.ActiveCfg = Release|Any CPU
		{2AB0060F-5611-4AEB-9210-D8496CFC421D}.Release|x86.Build.0 = Release|Any CPU
		{DA337688-F11F-48A8-A1E6-AF0798C0651F}.Debug|Any CPU.ActiveCfg = Debug|Any CPU
		{DA337688-F11F-48A8-A1E6-AF0798C0651F}.Debug|Any CPU.Build.0 = Debug|Any CPU
		{DA337688-F11F-48A8-A1E6-AF0798C0651F}.Debug|ARM.ActiveCfg = Debug|ARM
		{DA337688-F11F-48A8-A1E6-AF0798C0651F}.Debug|ARM.Build.0 = Debug|ARM
		{DA337688-F11F-48A8-A1E6-AF0798C0651F}.Debug|x86.ActiveCfg = Debug|x86
		{DA337688-F11F-48A8-A1E6-AF0798C0651F}.Debug|x86.Build.0 = Debug|x86
		{DA337688-F11F-48A8-A1E6-AF0798C0651F}.Release|Any CPU.ActiveCfg = Release|Any CPU
		{DA337688-F11F-48A8-A1E6-AF0798C0651F}.Release|Any CPU.Build.0 = Release|Any CPU
		{DA337688-F11F-48A8-A1E6-AF0798C0651F}.Release|ARM.ActiveCfg = Release|ARM
		{DA337688-F11F-48A8-A1E6-AF0798C0651F}.Release|ARM.Build.0 = Release|ARM
		{DA337688-F11F-48A8-A1E6-AF0798C0651F}.Release|x86.ActiveCfg = Release|x86
		{DA337688-F11F-48A8-A1E6-AF0798C0651F}.Release|x86.Build.0 = Release|x86
		{F780F0DD-8A14-4E72-9525-A11D792CBFAB}.Debug|Any CPU.ActiveCfg = Debug|Any CPU
		{F780F0DD-8A14-4E72-9525-A11D792CBFAB}.Debug|Any CPU.Build.0 = Debug|Any CPU
		{F780F0DD-8A14-4E72-9525-A11D792CBFAB}.Debug|ARM.ActiveCfg = Debug|Any CPU
		{F780F0DD-8A14-4E72-9525-A11D792CBFAB}.Debug|ARM.Build.0 = Debug|Any CPU
		{F780F0DD-8A14-4E72-9525-A11D792CBFAB}.Debug|x86.ActiveCfg = Debug|Any CPU
		{F780F0DD-8A14-4E72-9525-A11D792CBFAB}.Debug|x86.Build.0 = Debug|Any CPU
		{F780F0DD-8A14-4E72-9525-A11D792CBFAB}.Release|Any CPU.ActiveCfg = Release|Any CPU
		{F780F0DD-8A14-4E72-9525-A11D792CBFAB}.Release|Any CPU.Build.0 = Release|Any CPU
		{F780F0DD-8A14-4E72-9525-A11D792CBFAB}.Release|ARM.ActiveCfg = Release|Any CPU
		{F780F0DD-8A14-4E72-9525-A11D792CBFAB}.Release|ARM.Build.0 = Release|Any CPU
		{F780F0DD-8A14-4E72-9525-A11D792CBFAB}.Release|x86.ActiveCfg = Release|Any CPU
		{F780F0DD-8A14-4E72-9525-A11D792CBFAB}.Release|x86.Build.0 = Release|Any CPU
		{D16579BC-07A7-4B3C-9611-798D6D0721E5}.Debug|Any CPU.ActiveCfg = Debug|Any CPU
		{D16579BC-07A7-4B3C-9611-798D6D0721E5}.Debug|Any CPU.Build.0 = Debug|Any CPU
		{D16579BC-07A7-4B3C-9611-798D6D0721E5}.Debug|ARM.ActiveCfg = Debug|ARM
		{D16579BC-07A7-4B3C-9611-798D6D0721E5}.Debug|ARM.Build.0 = Debug|ARM
		{D16579BC-07A7-4B3C-9611-798D6D0721E5}.Debug|x86.ActiveCfg = Debug|x86
		{D16579BC-07A7-4B3C-9611-798D6D0721E5}.Debug|x86.Build.0 = Debug|x86
		{D16579BC-07A7-4B3C-9611-798D6D0721E5}.Release|Any CPU.ActiveCfg = Release|Any CPU
		{D16579BC-07A7-4B3C-9611-798D6D0721E5}.Release|Any CPU.Build.0 = Release|Any CPU
		{D16579BC-07A7-4B3C-9611-798D6D0721E5}.Release|ARM.ActiveCfg = Release|ARM
		{D16579BC-07A7-4B3C-9611-798D6D0721E5}.Release|ARM.Build.0 = Release|ARM
		{D16579BC-07A7-4B3C-9611-798D6D0721E5}.Release|x86.ActiveCfg = Release|x86
		{D16579BC-07A7-4B3C-9611-798D6D0721E5}.Release|x86.Build.0 = Release|x86
		{36ED8CE4-44DF-4AF0-9F42-138289F663A9}.Debug|Any CPU.ActiveCfg = Debug|Any CPU
		{36ED8CE4-44DF-4AF0-9F42-138289F663A9}.Debug|Any CPU.Build.0 = Debug|Any CPU
		{36ED8CE4-44DF-4AF0-9F42-138289F663A9}.Debug|ARM.ActiveCfg = Debug|Any CPU
		{36ED8CE4-44DF-4AF0-9F42-138289F663A9}.Debug|ARM.Build.0 = Debug|Any CPU
		{36ED8CE4-44DF-4AF0-9F42-138289F663A9}.Debug|x86.ActiveCfg = Debug|Any CPU
		{36ED8CE4-44DF-4AF0-9F42-138289F663A9}.Debug|x86.Build.0 = Debug|Any CPU
		{36ED8CE4-44DF-4AF0-9F42-138289F663A9}.Release|Any CPU.ActiveCfg = Release|Any CPU
		{36ED8CE4-44DF-4AF0-9F42-138289F663A9}.Release|Any CPU.Build.0 = Release|Any CPU
		{36ED8CE4-44DF-4AF0-9F42-138289F663A9}.Release|ARM.ActiveCfg = Release|Any CPU
		{36ED8CE4-44DF-4AF0-9F42-138289F663A9}.Release|ARM.Build.0 = Release|Any CPU
		{36ED8CE4-44DF-4AF0-9F42-138289F663A9}.Release|x86.ActiveCfg = Release|Any CPU
		{36ED8CE4-44DF-4AF0-9F42-138289F663A9}.Release|x86.Build.0 = Release|Any CPU
		{364C42F1-3C59-4250-9F43-4F6DD3AC6918}.Debug|Any CPU.ActiveCfg = Debug|Any CPU
		{364C42F1-3C59-4250-9F43-4F6DD3AC6918}.Debug|Any CPU.Build.0 = Debug|Any CPU
		{364C42F1-3C59-4250-9F43-4F6DD3AC6918}.Debug|ARM.ActiveCfg = Debug|ARM
		{364C42F1-3C59-4250-9F43-4F6DD3AC6918}.Debug|ARM.Build.0 = Debug|ARM
		{364C42F1-3C59-4250-9F43-4F6DD3AC6918}.Debug|x86.ActiveCfg = Debug|x86
		{364C42F1-3C59-4250-9F43-4F6DD3AC6918}.Debug|x86.Build.0 = Debug|x86
		{364C42F1-3C59-4250-9F43-4F6DD3AC6918}.Release|Any CPU.ActiveCfg = Release|Any CPU
		{364C42F1-3C59-4250-9F43-4F6DD3AC6918}.Release|Any CPU.Build.0 = Release|Any CPU
		{364C42F1-3C59-4250-9F43-4F6DD3AC6918}.Release|ARM.ActiveCfg = Release|ARM
		{364C42F1-3C59-4250-9F43-4F6DD3AC6918}.Release|ARM.Build.0 = Release|ARM
		{364C42F1-3C59-4250-9F43-4F6DD3AC6918}.Release|x86.ActiveCfg = Release|x86
		{364C42F1-3C59-4250-9F43-4F6DD3AC6918}.Release|x86.Build.0 = Release|x86
		{3E4ADE30-7398-4612-A390-B68BF6175620}.Debug|Any CPU.ActiveCfg = Debug|Any CPU
		{3E4ADE30-7398-4612-A390-B68BF6175620}.Debug|Any CPU.Build.0 = Debug|Any CPU
		{3E4ADE30-7398-4612-A390-B68BF6175620}.Debug|ARM.ActiveCfg = Debug|Any CPU
		{3E4ADE30-7398-4612-A390-B68BF6175620}.Debug|ARM.Build.0 = Debug|Any CPU
		{3E4ADE30-7398-4612-A390-B68BF6175620}.Debug|x86.ActiveCfg = Debug|Any CPU
		{3E4ADE30-7398-4612-A390-B68BF6175620}.Debug|x86.Build.0 = Debug|Any CPU
		{3E4ADE30-7398-4612-A390-B68BF6175620}.Release|Any CPU.ActiveCfg = Release|Any CPU
		{3E4ADE30-7398-4612-A390-B68BF6175620}.Release|Any CPU.Build.0 = Release|Any CPU
		{3E4ADE30-7398-4612-A390-B68BF6175620}.Release|ARM.ActiveCfg = Release|Any CPU
		{3E4ADE30-7398-4612-A390-B68BF6175620}.Release|ARM.Build.0 = Release|Any CPU
		{3E4ADE30-7398-4612-A390-B68BF6175620}.Release|x86.ActiveCfg = Release|Any CPU
		{3E4ADE30-7398-4612-A390-B68BF6175620}.Release|x86.Build.0 = Release|Any CPU
		{45C81E94-8197-4805-9575-E1EBC960C6E9}.Debug|Any CPU.ActiveCfg = Debug|Any CPU
		{45C81E94-8197-4805-9575-E1EBC960C6E9}.Debug|Any CPU.Build.0 = Debug|Any CPU
		{45C81E94-8197-4805-9575-E1EBC960C6E9}.Debug|ARM.ActiveCfg = Debug|ARM
		{45C81E94-8197-4805-9575-E1EBC960C6E9}.Debug|ARM.Build.0 = Debug|ARM
		{45C81E94-8197-4805-9575-E1EBC960C6E9}.Debug|x86.ActiveCfg = Debug|x86
		{45C81E94-8197-4805-9575-E1EBC960C6E9}.Debug|x86.Build.0 = Debug|x86
		{45C81E94-8197-4805-9575-E1EBC960C6E9}.Release|Any CPU.ActiveCfg = Release|Any CPU
		{45C81E94-8197-4805-9575-E1EBC960C6E9}.Release|Any CPU.Build.0 = Release|Any CPU
		{45C81E94-8197-4805-9575-E1EBC960C6E9}.Release|ARM.ActiveCfg = Release|ARM
		{45C81E94-8197-4805-9575-E1EBC960C6E9}.Release|ARM.Build.0 = Release|ARM
		{45C81E94-8197-4805-9575-E1EBC960C6E9}.Release|x86.ActiveCfg = Release|x86
		{45C81E94-8197-4805-9575-E1EBC960C6E9}.Release|x86.Build.0 = Release|x86
		{94FB2B30-AA95-41E8-9B2F-6AF7D37355E1}.Debug|Any CPU.ActiveCfg = Debug|Any CPU
		{94FB2B30-AA95-41E8-9B2F-6AF7D37355E1}.Debug|Any CPU.Build.0 = Debug|Any CPU
		{94FB2B30-AA95-41E8-9B2F-6AF7D37355E1}.Debug|ARM.ActiveCfg = Debug|Any CPU
		{94FB2B30-AA95-41E8-9B2F-6AF7D37355E1}.Debug|ARM.Build.0 = Debug|Any CPU
		{94FB2B30-AA95-41E8-9B2F-6AF7D37355E1}.Debug|x86.ActiveCfg = Debug|Any CPU
		{94FB2B30-AA95-41E8-9B2F-6AF7D37355E1}.Debug|x86.Build.0 = Debug|Any CPU
		{94FB2B30-AA95-41E8-9B2F-6AF7D37355E1}.Release|Any CPU.ActiveCfg = Release|Any CPU
		{94FB2B30-AA95-41E8-9B2F-6AF7D37355E1}.Release|Any CPU.Build.0 = Release|Any CPU
		{94FB2B30-AA95-41E8-9B2F-6AF7D37355E1}.Release|ARM.ActiveCfg = Release|Any CPU
		{94FB2B30-AA95-41E8-9B2F-6AF7D37355E1}.Release|ARM.Build.0 = Release|Any CPU
		{94FB2B30-AA95-41E8-9B2F-6AF7D37355E1}.Release|x86.ActiveCfg = Release|Any CPU
		{94FB2B30-AA95-41E8-9B2F-6AF7D37355E1}.Release|x86.Build.0 = Release|Any CPU
		{F71288EE-9889-4A8E-ABA3-4727AF3D15B2}.Debug|Any CPU.ActiveCfg = Debug|Any CPU
		{F71288EE-9889-4A8E-ABA3-4727AF3D15B2}.Debug|Any CPU.Build.0 = Debug|Any CPU
		{F71288EE-9889-4A8E-ABA3-4727AF3D15B2}.Debug|ARM.ActiveCfg = Debug|ARM
		{F71288EE-9889-4A8E-ABA3-4727AF3D15B2}.Debug|ARM.Build.0 = Debug|ARM
		{F71288EE-9889-4A8E-ABA3-4727AF3D15B2}.Debug|x86.ActiveCfg = Debug|x86
		{F71288EE-9889-4A8E-ABA3-4727AF3D15B2}.Debug|x86.Build.0 = Debug|x86
		{F71288EE-9889-4A8E-ABA3-4727AF3D15B2}.Release|Any CPU.ActiveCfg = Release|Any CPU
		{F71288EE-9889-4A8E-ABA3-4727AF3D15B2}.Release|Any CPU.Build.0 = Release|Any CPU
		{F71288EE-9889-4A8E-ABA3-4727AF3D15B2}.Release|ARM.ActiveCfg = Release|ARM
		{F71288EE-9889-4A8E-ABA3-4727AF3D15B2}.Release|ARM.Build.0 = Release|ARM
		{F71288EE-9889-4A8E-ABA3-4727AF3D15B2}.Release|x86.ActiveCfg = Release|x86
		{F71288EE-9889-4A8E-ABA3-4727AF3D15B2}.Release|x86.Build.0 = Release|x86
		{6B1E34FE-AB5D-49E8-923C-2CE10472BBCB}.Debug|Any CPU.ActiveCfg = Debug|Any CPU
		{6B1E34FE-AB5D-49E8-923C-2CE10472BBCB}.Debug|Any CPU.Build.0 = Debug|Any CPU
		{6B1E34FE-AB5D-49E8-923C-2CE10472BBCB}.Debug|ARM.ActiveCfg = Debug|Any CPU
		{6B1E34FE-AB5D-49E8-923C-2CE10472BBCB}.Debug|ARM.Build.0 = Debug|Any CPU
		{6B1E34FE-AB5D-49E8-923C-2CE10472BBCB}.Debug|x86.ActiveCfg = Debug|Any CPU
		{6B1E34FE-AB5D-49E8-923C-2CE10472BBCB}.Debug|x86.Build.0 = Debug|Any CPU
		{6B1E34FE-AB5D-49E8-923C-2CE10472BBCB}.Release|Any CPU.ActiveCfg = Release|Any CPU
		{6B1E34FE-AB5D-49E8-923C-2CE10472BBCB}.Release|Any CPU.Build.0 = Release|Any CPU
		{6B1E34FE-AB5D-49E8-923C-2CE10472BBCB}.Release|ARM.ActiveCfg = Release|Any CPU
		{6B1E34FE-AB5D-49E8-923C-2CE10472BBCB}.Release|ARM.Build.0 = Release|Any CPU
		{6B1E34FE-AB5D-49E8-923C-2CE10472BBCB}.Release|x86.ActiveCfg = Release|Any CPU
		{6B1E34FE-AB5D-49E8-923C-2CE10472BBCB}.Release|x86.Build.0 = Release|Any CPU
		{9B1BD61F-84F8-4876-9249-B2B6CC9D9E05}.Debug|Any CPU.ActiveCfg = Debug|Any CPU
		{9B1BD61F-84F8-4876-9249-B2B6CC9D9E05}.Debug|Any CPU.Build.0 = Debug|Any CPU
		{9B1BD61F-84F8-4876-9249-B2B6CC9D9E05}.Debug|ARM.ActiveCfg = Debug|ARM
		{9B1BD61F-84F8-4876-9249-B2B6CC9D9E05}.Debug|ARM.Build.0 = Debug|ARM
		{9B1BD61F-84F8-4876-9249-B2B6CC9D9E05}.Debug|x86.ActiveCfg = Debug|x86
		{9B1BD61F-84F8-4876-9249-B2B6CC9D9E05}.Debug|x86.Build.0 = Debug|x86
		{9B1BD61F-84F8-4876-9249-B2B6CC9D9E05}.Release|Any CPU.ActiveCfg = Release|Any CPU
		{9B1BD61F-84F8-4876-9249-B2B6CC9D9E05}.Release|Any CPU.Build.0 = Release|Any CPU
		{9B1BD61F-84F8-4876-9249-B2B6CC9D9E05}.Release|ARM.ActiveCfg = Release|ARM
		{9B1BD61F-84F8-4876-9249-B2B6CC9D9E05}.Release|ARM.Build.0 = Release|ARM
		{9B1BD61F-84F8-4876-9249-B2B6CC9D9E05}.Release|x86.ActiveCfg = Release|x86
		{9B1BD61F-84F8-4876-9249-B2B6CC9D9E05}.Release|x86.Build.0 = Release|x86
		{7D663977-D179-4AF3-B3B8-671159C976E6}.Debug|Any CPU.ActiveCfg = Debug|Any CPU
		{7D663977-D179-4AF3-B3B8-671159C976E6}.Debug|Any CPU.Build.0 = Debug|Any CPU
		{7D663977-D179-4AF3-B3B8-671159C976E6}.Debug|ARM.ActiveCfg = Debug|Any CPU
		{7D663977-D179-4AF3-B3B8-671159C976E6}.Debug|ARM.Build.0 = Debug|Any CPU
		{7D663977-D179-4AF3-B3B8-671159C976E6}.Debug|x86.ActiveCfg = Debug|Any CPU
		{7D663977-D179-4AF3-B3B8-671159C976E6}.Debug|x86.Build.0 = Debug|Any CPU
		{7D663977-D179-4AF3-B3B8-671159C976E6}.Release|Any CPU.ActiveCfg = Release|Any CPU
		{7D663977-D179-4AF3-B3B8-671159C976E6}.Release|Any CPU.Build.0 = Release|Any CPU
		{7D663977-D179-4AF3-B3B8-671159C976E6}.Release|ARM.ActiveCfg = Release|Any CPU
		{7D663977-D179-4AF3-B3B8-671159C976E6}.Release|ARM.Build.0 = Release|Any CPU
		{7D663977-D179-4AF3-B3B8-671159C976E6}.Release|x86.ActiveCfg = Release|Any CPU
		{7D663977-D179-4AF3-B3B8-671159C976E6}.Release|x86.Build.0 = Release|Any CPU
		{1E86AD7A-26C3-4B45-9029-6F2FDBC40B78}.Debug|Any CPU.ActiveCfg = Debug|Any CPU
		{1E86AD7A-26C3-4B45-9029-6F2FDBC40B78}.Debug|Any CPU.Build.0 = Debug|Any CPU
		{1E86AD7A-26C3-4B45-9029-6F2FDBC40B78}.Debug|ARM.ActiveCfg = Debug|ARM
		{1E86AD7A-26C3-4B45-9029-6F2FDBC40B78}.Debug|ARM.Build.0 = Debug|ARM
		{1E86AD7A-26C3-4B45-9029-6F2FDBC40B78}.Debug|x86.ActiveCfg = Debug|x86
		{1E86AD7A-26C3-4B45-9029-6F2FDBC40B78}.Debug|x86.Build.0 = Debug|x86
		{1E86AD7A-26C3-4B45-9029-6F2FDBC40B78}.Release|Any CPU.ActiveCfg = Release|Any CPU
		{1E86AD7A-26C3-4B45-9029-6F2FDBC40B78}.Release|Any CPU.Build.0 = Release|Any CPU
		{1E86AD7A-26C3-4B45-9029-6F2FDBC40B78}.Release|ARM.ActiveCfg = Release|ARM
		{1E86AD7A-26C3-4B45-9029-6F2FDBC40B78}.Release|ARM.Build.0 = Release|ARM
		{1E86AD7A-26C3-4B45-9029-6F2FDBC40B78}.Release|x86.ActiveCfg = Release|x86
		{1E86AD7A-26C3-4B45-9029-6F2FDBC40B78}.Release|x86.Build.0 = Release|x86
		{986B1475-023C-41A1-903C-7A48FFC55ADF}.Debug|Any CPU.ActiveCfg = Debug|Any CPU
		{986B1475-023C-41A1-903C-7A48FFC55ADF}.Debug|Any CPU.Build.0 = Debug|Any CPU
		{986B1475-023C-41A1-903C-7A48FFC55ADF}.Debug|ARM.ActiveCfg = Debug|Any CPU
		{986B1475-023C-41A1-903C-7A48FFC55ADF}.Debug|ARM.Build.0 = Debug|Any CPU
		{986B1475-023C-41A1-903C-7A48FFC55ADF}.Debug|x86.ActiveCfg = Debug|Any CPU
		{986B1475-023C-41A1-903C-7A48FFC55ADF}.Debug|x86.Build.0 = Debug|Any CPU
		{986B1475-023C-41A1-903C-7A48FFC55ADF}.Release|Any CPU.ActiveCfg = Release|Any CPU
		{986B1475-023C-41A1-903C-7A48FFC55ADF}.Release|Any CPU.Build.0 = Release|Any CPU
		{986B1475-023C-41A1-903C-7A48FFC55ADF}.Release|ARM.ActiveCfg = Release|Any CPU
		{986B1475-023C-41A1-903C-7A48FFC55ADF}.Release|ARM.Build.0 = Release|Any CPU
		{986B1475-023C-41A1-903C-7A48FFC55ADF}.Release|x86.ActiveCfg = Release|Any CPU
		{986B1475-023C-41A1-903C-7A48FFC55ADF}.Release|x86.Build.0 = Release|Any CPU
		{5CCE2247-9966-4D14-8634-2C9698717554}.Debug|Any CPU.ActiveCfg = Debug|Any CPU
		{5CCE2247-9966-4D14-8634-2C9698717554}.Debug|Any CPU.Build.0 = Debug|Any CPU
		{5CCE2247-9966-4D14-8634-2C9698717554}.Debug|ARM.ActiveCfg = Debug|ARM
		{5CCE2247-9966-4D14-8634-2C9698717554}.Debug|ARM.Build.0 = Debug|ARM
		{5CCE2247-9966-4D14-8634-2C9698717554}.Debug|x86.ActiveCfg = Debug|x86
		{5CCE2247-9966-4D14-8634-2C9698717554}.Debug|x86.Build.0 = Debug|x86
		{5CCE2247-9966-4D14-8634-2C9698717554}.Release|Any CPU.ActiveCfg = Release|Any CPU
		{5CCE2247-9966-4D14-8634-2C9698717554}.Release|Any CPU.Build.0 = Release|Any CPU
		{5CCE2247-9966-4D14-8634-2C9698717554}.Release|ARM.ActiveCfg = Release|ARM
		{5CCE2247-9966-4D14-8634-2C9698717554}.Release|ARM.Build.0 = Release|ARM
		{5CCE2247-9966-4D14-8634-2C9698717554}.Release|x86.ActiveCfg = Release|x86
		{5CCE2247-9966-4D14-8634-2C9698717554}.Release|x86.Build.0 = Release|x86
		{1BE81A3A-E8ED-4659-ADE1-394450E59B69}.Debug|Any CPU.ActiveCfg = Debug|Any CPU
		{1BE81A3A-E8ED-4659-ADE1-394450E59B69}.Debug|Any CPU.Build.0 = Debug|Any CPU
		{1BE81A3A-E8ED-4659-ADE1-394450E59B69}.Debug|ARM.ActiveCfg = Debug|Any CPU
		{1BE81A3A-E8ED-4659-ADE1-394450E59B69}.Debug|ARM.Build.0 = Debug|Any CPU
		{1BE81A3A-E8ED-4659-ADE1-394450E59B69}.Debug|x86.ActiveCfg = Debug|Any CPU
		{1BE81A3A-E8ED-4659-ADE1-394450E59B69}.Debug|x86.Build.0 = Debug|Any CPU
		{1BE81A3A-E8ED-4659-ADE1-394450E59B69}.Release|Any CPU.ActiveCfg = Release|Any CPU
		{1BE81A3A-E8ED-4659-ADE1-394450E59B69}.Release|Any CPU.Build.0 = Release|Any CPU
		{1BE81A3A-E8ED-4659-ADE1-394450E59B69}.Release|ARM.ActiveCfg = Release|Any CPU
		{1BE81A3A-E8ED-4659-ADE1-394450E59B69}.Release|x86.ActiveCfg = Release|Any CPU
		{832B58A2-F7FE-4325-ACD8-4952479A6EE0}.Debug|Any CPU.ActiveCfg = Debug|Any CPU
		{832B58A2-F7FE-4325-ACD8-4952479A6EE0}.Debug|Any CPU.Build.0 = Debug|Any CPU
		{832B58A2-F7FE-4325-ACD8-4952479A6EE0}.Debug|ARM.ActiveCfg = Debug|ARM
		{832B58A2-F7FE-4325-ACD8-4952479A6EE0}.Debug|ARM.Build.0 = Debug|ARM
		{832B58A2-F7FE-4325-ACD8-4952479A6EE0}.Debug|x86.ActiveCfg = Debug|x86
		{832B58A2-F7FE-4325-ACD8-4952479A6EE0}.Debug|x86.Build.0 = Debug|x86
		{832B58A2-F7FE-4325-ACD8-4952479A6EE0}.Release|Any CPU.ActiveCfg = Release|Any CPU
		{832B58A2-F7FE-4325-ACD8-4952479A6EE0}.Release|Any CPU.Build.0 = Release|Any CPU
		{832B58A2-F7FE-4325-ACD8-4952479A6EE0}.Release|ARM.ActiveCfg = Release|ARM
		{832B58A2-F7FE-4325-ACD8-4952479A6EE0}.Release|ARM.Build.0 = Release|ARM
		{832B58A2-F7FE-4325-ACD8-4952479A6EE0}.Release|x86.ActiveCfg = Release|x86
		{832B58A2-F7FE-4325-ACD8-4952479A6EE0}.Release|x86.Build.0 = Release|x86
		{A1A50035-9654-49C2-AFA4-F21B25F7C3B7}.Debug|Any CPU.ActiveCfg = Debug|Any CPU
		{A1A50035-9654-49C2-AFA4-F21B25F7C3B7}.Debug|Any CPU.Build.0 = Debug|Any CPU
		{A1A50035-9654-49C2-AFA4-F21B25F7C3B7}.Debug|ARM.ActiveCfg = Debug|Any CPU
		{A1A50035-9654-49C2-AFA4-F21B25F7C3B7}.Debug|x86.ActiveCfg = Debug|Any CPU
		{A1A50035-9654-49C2-AFA4-F21B25F7C3B7}.Release|Any CPU.ActiveCfg = Release|Any CPU
		{A1A50035-9654-49C2-AFA4-F21B25F7C3B7}.Release|Any CPU.Build.0 = Release|Any CPU
		{A1A50035-9654-49C2-AFA4-F21B25F7C3B7}.Release|ARM.ActiveCfg = Release|Any CPU
		{A1A50035-9654-49C2-AFA4-F21B25F7C3B7}.Release|x86.ActiveCfg = Release|Any CPU
		{C3793263-070C-4DA7-994C-E116E63F9DE6}.Debug|Any CPU.ActiveCfg = Debug|Any CPU
		{C3793263-070C-4DA7-994C-E116E63F9DE6}.Debug|Any CPU.Build.0 = Debug|Any CPU
		{C3793263-070C-4DA7-994C-E116E63F9DE6}.Debug|ARM.ActiveCfg = Debug|Any CPU
		{C3793263-070C-4DA7-994C-E116E63F9DE6}.Debug|x86.ActiveCfg = Debug|Any CPU
		{C3793263-070C-4DA7-994C-E116E63F9DE6}.Release|Any CPU.ActiveCfg = Release|Any CPU
		{C3793263-070C-4DA7-994C-E116E63F9DE6}.Release|Any CPU.Build.0 = Release|Any CPU
		{C3793263-070C-4DA7-994C-E116E63F9DE6}.Release|ARM.ActiveCfg = Release|Any CPU
		{C3793263-070C-4DA7-994C-E116E63F9DE6}.Release|x86.ActiveCfg = Release|Any CPU
		{E6A845B2-EEDD-4D20-9895-3BB187C15E81}.Debug|Any CPU.ActiveCfg = Debug|Any CPU
		{E6A845B2-EEDD-4D20-9895-3BB187C15E81}.Debug|Any CPU.Build.0 = Debug|Any CPU
		{E6A845B2-EEDD-4D20-9895-3BB187C15E81}.Debug|ARM.ActiveCfg = Debug|ARM
		{E6A845B2-EEDD-4D20-9895-3BB187C15E81}.Debug|ARM.Build.0 = Debug|ARM
		{E6A845B2-EEDD-4D20-9895-3BB187C15E81}.Debug|x86.ActiveCfg = Debug|x86
		{E6A845B2-EEDD-4D20-9895-3BB187C15E81}.Debug|x86.Build.0 = Debug|x86
		{E6A845B2-EEDD-4D20-9895-3BB187C15E81}.Release|Any CPU.ActiveCfg = Release|Any CPU
		{E6A845B2-EEDD-4D20-9895-3BB187C15E81}.Release|Any CPU.Build.0 = Release|Any CPU
		{E6A845B2-EEDD-4D20-9895-3BB187C15E81}.Release|ARM.ActiveCfg = Release|ARM
		{E6A845B2-EEDD-4D20-9895-3BB187C15E81}.Release|ARM.Build.0 = Release|ARM
		{E6A845B2-EEDD-4D20-9895-3BB187C15E81}.Release|x86.ActiveCfg = Release|x86
		{E6A845B2-EEDD-4D20-9895-3BB187C15E81}.Release|x86.Build.0 = Release|x86
		{FA7A34C6-DD2B-48C1-827B-2B56BD634996}.Debug|Any CPU.ActiveCfg = Debug|Any CPU
		{FA7A34C6-DD2B-48C1-827B-2B56BD634996}.Debug|Any CPU.Build.0 = Debug|Any CPU
		{FA7A34C6-DD2B-48C1-827B-2B56BD634996}.Debug|ARM.ActiveCfg = Debug|Any CPU
		{FA7A34C6-DD2B-48C1-827B-2B56BD634996}.Debug|x86.ActiveCfg = Debug|Any CPU
		{FA7A34C6-DD2B-48C1-827B-2B56BD634996}.Release|Any CPU.ActiveCfg = Release|Any CPU
		{FA7A34C6-DD2B-48C1-827B-2B56BD634996}.Release|Any CPU.Build.0 = Release|Any CPU
		{FA7A34C6-DD2B-48C1-827B-2B56BD634996}.Release|ARM.ActiveCfg = Release|Any CPU
		{FA7A34C6-DD2B-48C1-827B-2B56BD634996}.Release|x86.ActiveCfg = Release|Any CPU
		{248C6CF6-C940-42E4-AC38-C31F3726DD44}.Debug|Any CPU.ActiveCfg = Debug|Any CPU
		{248C6CF6-C940-42E4-AC38-C31F3726DD44}.Debug|Any CPU.Build.0 = Debug|Any CPU
		{248C6CF6-C940-42E4-AC38-C31F3726DD44}.Debug|ARM.ActiveCfg = Debug|ARM
		{248C6CF6-C940-42E4-AC38-C31F3726DD44}.Debug|ARM.Build.0 = Debug|ARM
		{248C6CF6-C940-42E4-AC38-C31F3726DD44}.Debug|x86.ActiveCfg = Debug|x86
		{248C6CF6-C940-42E4-AC38-C31F3726DD44}.Debug|x86.Build.0 = Debug|x86
		{248C6CF6-C940-42E4-AC38-C31F3726DD44}.Release|Any CPU.ActiveCfg = Release|Any CPU
		{248C6CF6-C940-42E4-AC38-C31F3726DD44}.Release|Any CPU.Build.0 = Release|Any CPU
		{248C6CF6-C940-42E4-AC38-C31F3726DD44}.Release|ARM.ActiveCfg = Release|ARM
		{248C6CF6-C940-42E4-AC38-C31F3726DD44}.Release|ARM.Build.0 = Release|ARM
		{248C6CF6-C940-42E4-AC38-C31F3726DD44}.Release|x86.ActiveCfg = Release|x86
		{248C6CF6-C940-42E4-AC38-C31F3726DD44}.Release|x86.Build.0 = Release|x86
		{0093183A-CAB3-4E91-907D-0F6C48D98993}.Debug|Any CPU.ActiveCfg = Debug|Any CPU
		{0093183A-CAB3-4E91-907D-0F6C48D98993}.Debug|Any CPU.Build.0 = Debug|Any CPU
		{0093183A-CAB3-4E91-907D-0F6C48D98993}.Debug|ARM.ActiveCfg = Debug|ARM
		{0093183A-CAB3-4E91-907D-0F6C48D98993}.Debug|ARM.Build.0 = Debug|ARM
		{0093183A-CAB3-4E91-907D-0F6C48D98993}.Debug|x86.ActiveCfg = Debug|x86
		{0093183A-CAB3-4E91-907D-0F6C48D98993}.Debug|x86.Build.0 = Debug|x86
		{0093183A-CAB3-4E91-907D-0F6C48D98993}.Release|Any CPU.ActiveCfg = Release|Any CPU
		{0093183A-CAB3-4E91-907D-0F6C48D98993}.Release|Any CPU.Build.0 = Release|Any CPU
		{0093183A-CAB3-4E91-907D-0F6C48D98993}.Release|ARM.ActiveCfg = Release|ARM
		{0093183A-CAB3-4E91-907D-0F6C48D98993}.Release|ARM.Build.0 = Release|ARM
		{0093183A-CAB3-4E91-907D-0F6C48D98993}.Release|x86.ActiveCfg = Release|x86
		{0093183A-CAB3-4E91-907D-0F6C48D98993}.Release|x86.Build.0 = Release|x86
		{B1780E96-7E18-47C0-9E93-1086D9491815}.Debug|Any CPU.ActiveCfg = Debug|Any CPU
		{B1780E96-7E18-47C0-9E93-1086D9491815}.Debug|Any CPU.Build.0 = Debug|Any CPU
		{B1780E96-7E18-47C0-9E93-1086D9491815}.Debug|ARM.ActiveCfg = Debug|Any CPU
		{B1780E96-7E18-47C0-9E93-1086D9491815}.Debug|x86.ActiveCfg = Debug|Any CPU
		{B1780E96-7E18-47C0-9E93-1086D9491815}.Release|Any CPU.ActiveCfg = Release|Any CPU
		{B1780E96-7E18-47C0-9E93-1086D9491815}.Release|Any CPU.Build.0 = Release|Any CPU
		{B1780E96-7E18-47C0-9E93-1086D9491815}.Release|ARM.ActiveCfg = Release|Any CPU
		{B1780E96-7E18-47C0-9E93-1086D9491815}.Release|x86.ActiveCfg = Release|Any CPU
	EndGlobalSection
	GlobalSection(SolutionProperties) = preSolution
		HideSolutionNode = FALSE
	EndGlobalSection
EndGlobal
