
Microsoft Visual Studio Solution File, Format Version 12.00
# Visual Studio 2013
VisualStudioVersion = 12.0.31101.0
MinimumVisualStudioVersion = 10.0.40219.1
Project("{FAE04EC0-301F-11D3-BF4B-00C04F79EFBC}") = "PocketCampus.Main.WindowsRuntime", "Source\Main.WindowsRuntime\PocketCampus.Main.WindowsRuntime.csproj", "{6BB638D7-F391-4DEC-BD71-347A51430250}"
EndProject
Project("{FAE04EC0-301F-11D3-BF4B-00C04F79EFBC}") = "PocketCampus.Camipro", "Source\Camipro\PocketCampus.Camipro.csproj", "{2AB0060F-5611-4AEB-9210-D8496CFC421D}"
EndProject
Project("{FAE04EC0-301F-11D3-BF4B-00C04F79EFBC}") = "PocketCampus.Common", "Source\Common\PocketCampus.Common.csproj", "{F780F0DD-8A14-4E72-9525-A11D792CBFAB}"
EndProject
Project("{FAE04EC0-301F-11D3-BF4B-00C04F79EFBC}") = "PocketCampus.Food", "Source\Food\PocketCampus.Food.csproj", "{36ED8CE4-44DF-4AF0-9F42-138289F663A9}"
EndProject
Project("{FAE04EC0-301F-11D3-BF4B-00C04F79EFBC}") = "PocketCampus.News", "Source\News\PocketCampus.News.csproj", "{3E4ADE30-7398-4612-A390-B68BF6175620}"
EndProject
Project("{FAE04EC0-301F-11D3-BF4B-00C04F79EFBC}") = "PocketCampus.Satellite", "Source\Satellite\PocketCampus.Satellite.csproj", "{94FB2B30-AA95-41E8-9B2F-6AF7D37355E1}"
EndProject
Project("{FAE04EC0-301F-11D3-BF4B-00C04F79EFBC}") = "PocketCampus.IsAcademia", "Source\IsAcademia\PocketCampus.IsAcademia.csproj", "{6B1E34FE-AB5D-49E8-923C-2CE10472BBCB}"
EndProject
Project("{FAE04EC0-301F-11D3-BF4B-00C04F79EFBC}") = "PocketCampus.Transport", "Source\Transport\PocketCampus.Transport.csproj", "{7D663977-D179-4AF3-B3B8-671159C976E6}"
EndProject
Project("{FAE04EC0-301F-11D3-BF4B-00C04F79EFBC}") = "PocketCampus.Map", "Source\Map\PocketCampus.Map.csproj", "{986B1475-023C-41A1-903C-7A48FFC55ADF}"
EndProject
Project("{FAE04EC0-301F-11D3-BF4B-00C04F79EFBC}") = "PocketCampus.Moodle", "Source\Moodle\PocketCampus.Moodle.csproj", "{1BE81A3A-E8ED-4659-ADE1-394450E59B69}"
EndProject
Project("{FAE04EC0-301F-11D3-BF4B-00C04F79EFBC}") = "PocketCampus.Main", "Source\Main\PocketCampus.Main.csproj", "{A1A50035-9654-49C2-AFA4-F21B25F7C3B7}"
EndProject
Project("{FAE04EC0-301F-11D3-BF4B-00C04F79EFBC}") = "PocketCampus.Directory", "Source\Directory\PocketCampus.Directory.csproj", "{C3793263-070C-4DA7-994C-E116E63F9DE6}"
EndProject
Project("{FAE04EC0-301F-11D3-BF4B-00C04F79EFBC}") = "PocketCampus.Events", "Source\Events\PocketCampus.Events.csproj", "{FA7A34C6-DD2B-48C1-827B-2B56BD634996}"
EndProject
Project("{FAE04EC0-301F-11D3-BF4B-00C04F79EFBC}") = "PocketCampus.Authentication", "Source\Authentication\PocketCampus.Authentication.csproj", "{B1780E96-7E18-47C0-9E93-1086D9491815}"
EndProject
Project("{FAE04EC0-301F-11D3-BF4B-00C04F79EFBC}") = "PocketCampus.Common.WindowsRuntime", "Source\Common.WindowsRuntime\PocketCampus.Common.WindowsRuntime.csproj", "{31858F5B-A2B5-4AFC-BF65-D5A1554524EB}"
EndProject
Project("{FAE04EC0-301F-11D3-BF4B-00C04F79EFBC}") = "PocketCampus.Satellite.WindowsRuntime", "Source\Satellite.WindowsRuntime\PocketCampus.Satellite.WindowsRuntime.csproj", "{136E3C79-E778-49BC-8982-D622B0ED912B}"
EndProject
Project("{FAE04EC0-301F-11D3-BF4B-00C04F79EFBC}") = "PocketCampus.Authentication.WindowsRuntime", "Source\Authentication.WindowsRuntime\PocketCampus.Authentication.WindowsRuntime.csproj", "{5398203E-B2F3-499B-8C9E-5D46AA7CD2AE}"
EndProject
Project("{FAE04EC0-301F-11D3-BF4B-00C04F79EFBC}") = "PocketCampus.Camipro.WindowsRuntime", "Source\Camipro.WindowsRuntime\PocketCampus.Camipro.WindowsRuntime.csproj", "{B5CCA7EF-A968-440F-9179-E282D5F95372}"
EndProject
Project("{FAE04EC0-301F-11D3-BF4B-00C04F79EFBC}") = "PocketCampus.Directory.WindowsRuntime", "Source\Directory.WindowsRuntime\PocketCampus.Directory.WindowsRuntime.csproj", "{0F85A43B-CB55-475C-850B-0053B9F1F93E}"
EndProject
Project("{FAE04EC0-301F-11D3-BF4B-00C04F79EFBC}") = "PocketCampus.Transport.WindowsRuntime", "Source\Transport.WindowsRuntime\PocketCampus.Transport.WindowsRuntime.csproj", "{E1C98ACE-FE3D-4B9B-B4D9-43E611B6F744}"
EndProject
Project("{FAE04EC0-301F-11D3-BF4B-00C04F79EFBC}") = "PocketCampus.News.WindowsRuntime", "Source\News.WindowsRuntime\PocketCampus.News.WindowsRuntime.csproj", "{E4B7950A-4DD8-42BE-9B05-4537CF6ABFEF}"
EndProject
Project("{FAE04EC0-301F-11D3-BF4B-00C04F79EFBC}") = "PocketCampus.Moodle.WindowsRuntime", "Source\Moodle.WindowsRuntime\PocketCampus.Moodle.WindowsRuntime.csproj", "{E4D866FE-E3AD-4309-9730-0F3AE64916EB}"
EndProject
Project("{FAE04EC0-301F-11D3-BF4B-00C04F79EFBC}") = "PocketCampus.Map.WindowsRuntime", "Source\Map.WindowsRuntime\PocketCampus.Map.WindowsRuntime.csproj", "{EB96A9BE-48EC-4FD8-9755-61D667CD8225}"
EndProject
Project("{FAE04EC0-301F-11D3-BF4B-00C04F79EFBC}") = "PocketCampus.IsAcademia.WindowsRuntime", "Source\IsAcademia.WindowsRuntime\PocketCampus.IsAcademia.WindowsRuntime.csproj", "{2B8508A4-77E2-42E8-BD5B-2B60C9CE7757}"
EndProject
Project("{FAE04EC0-301F-11D3-BF4B-00C04F79EFBC}") = "PocketCampus.Food.WindowsRuntime", "Source\Food.WindowsRuntime\PocketCampus.Food.WindowsRuntime.csproj", "{3D28A417-59DC-40D7-94EC-6FCB0FBD3E36}"
EndProject
Project("{FAE04EC0-301F-11D3-BF4B-00C04F79EFBC}") = "PocketCampus.Events.WindowsRuntime", "Source\Events.WindowsRuntime\PocketCampus.Events.WindowsRuntime.csproj", "{34C892ED-8B51-43CE-836B-F0CE5317C2E5}"
EndProject
Project("{FAE04EC0-301F-11D3-BF4B-00C04F79EFBC}") = "PocketCampus.CloudPrint", "Source\CloudPrint\PocketCampus.CloudPrint.csproj", "{DCCDEAD5-49B4-47FF-A78B-56C01F9A25C5}"
EndProject
Project("{FAE04EC0-301F-11D3-BF4B-00C04F79EFBC}") = "PocketCampus.CloudPrint.WindowsRuntime", "Source\CloudPrint.WindowsRuntime\PocketCampus.CloudPrint.WindowsRuntime.csproj", "{79DF6F47-E728-4A56-8172-762356BC54D2}"
EndProject
Global
	GlobalSection(SolutionConfigurationPlatforms) = preSolution
		Debug|Any CPU = Debug|Any CPU
		Debug|ARM = Debug|ARM
		Debug|x86 = Debug|x86
		Release|Any CPU = Release|Any CPU
		Release|ARM = Release|ARM
		Release|x86 = Release|x86
	EndGlobalSection
	GlobalSection(ProjectConfigurationPlatforms) = postSolution
		{6BB638D7-F391-4DEC-BD71-347A51430250}.Debug|Any CPU.ActiveCfg = Debug|Any CPU
		{6BB638D7-F391-4DEC-BD71-347A51430250}.Debug|Any CPU.Build.0 = Debug|Any CPU
		{6BB638D7-F391-4DEC-BD71-347A51430250}.Debug|Any CPU.Deploy.0 = Debug|Any CPU
		{6BB638D7-F391-4DEC-BD71-347A51430250}.Debug|ARM.ActiveCfg = Debug|ARM
		{6BB638D7-F391-4DEC-BD71-347A51430250}.Debug|ARM.Build.0 = Debug|ARM
		{6BB638D7-F391-4DEC-BD71-347A51430250}.Debug|ARM.Deploy.0 = Debug|ARM
		{6BB638D7-F391-4DEC-BD71-347A51430250}.Debug|x86.ActiveCfg = Debug|x86
		{6BB638D7-F391-4DEC-BD71-347A51430250}.Debug|x86.Build.0 = Debug|x86
		{6BB638D7-F391-4DEC-BD71-347A51430250}.Debug|x86.Deploy.0 = Debug|x86
		{6BB638D7-F391-4DEC-BD71-347A51430250}.Release|Any CPU.ActiveCfg = Release|Any CPU
		{6BB638D7-F391-4DEC-BD71-347A51430250}.Release|Any CPU.Build.0 = Release|Any CPU
		{6BB638D7-F391-4DEC-BD71-347A51430250}.Release|Any CPU.Deploy.0 = Release|Any CPU
		{6BB638D7-F391-4DEC-BD71-347A51430250}.Release|ARM.ActiveCfg = Release|ARM
		{6BB638D7-F391-4DEC-BD71-347A51430250}.Release|ARM.Build.0 = Release|ARM
		{6BB638D7-F391-4DEC-BD71-347A51430250}.Release|ARM.Deploy.0 = Release|ARM
		{6BB638D7-F391-4DEC-BD71-347A51430250}.Release|x86.ActiveCfg = Release|x86
		{6BB638D7-F391-4DEC-BD71-347A51430250}.Release|x86.Build.0 = Release|x86
		{6BB638D7-F391-4DEC-BD71-347A51430250}.Release|x86.Deploy.0 = Release|x86
		{2AB0060F-5611-4AEB-9210-D8496CFC421D}.Debug|Any CPU.ActiveCfg = Debug|Any CPU
		{2AB0060F-5611-4AEB-9210-D8496CFC421D}.Debug|Any CPU.Build.0 = Debug|Any CPU
		{2AB0060F-5611-4AEB-9210-D8496CFC421D}.Debug|ARM.ActiveCfg = Debug|Any CPU
		{2AB0060F-5611-4AEB-9210-D8496CFC421D}.Debug|ARM.Build.0 = Debug|Any CPU
		{2AB0060F-5611-4AEB-9210-D8496CFC421D}.Debug|x86.ActiveCfg = Debug|Any CPU
		{2AB0060F-5611-4AEB-9210-D8496CFC421D}.Debug|x86.Build.0 = Debug|Any CPU
		{2AB0060F-5611-4AEB-9210-D8496CFC421D}.Release|Any CPU.ActiveCfg = Release|Any CPU
		{2AB0060F-5611-4AEB-9210-D8496CFC421D}.Release|Any CPU.Build.0 = Release|Any CPU
		{2AB0060F-5611-4AEB-9210-D8496CFC421D}.Release|ARM.ActiveCfg = Release|Any CPU
		{2AB0060F-5611-4AEB-9210-D8496CFC421D}.Release|ARM.Build.0 = Release|Any CPU
		{2AB0060F-5611-4AEB-9210-D8496CFC421D}.Release|x86.ActiveCfg = Release|Any CPU
		{2AB0060F-5611-4AEB-9210-D8496CFC421D}.Release|x86.Build.0 = Release|Any CPU
		{F780F0DD-8A14-4E72-9525-A11D792CBFAB}.Debug|Any CPU.ActiveCfg = Debug|Any CPU
		{F780F0DD-8A14-4E72-9525-A11D792CBFAB}.Debug|Any CPU.Build.0 = Debug|Any CPU
		{F780F0DD-8A14-4E72-9525-A11D792CBFAB}.Debug|ARM.ActiveCfg = Debug|Any CPU
		{F780F0DD-8A14-4E72-9525-A11D792CBFAB}.Debug|ARM.Build.0 = Debug|Any CPU
		{F780F0DD-8A14-4E72-9525-A11D792CBFAB}.Debug|x86.ActiveCfg = Debug|Any CPU
		{F780F0DD-8A14-4E72-9525-A11D792CBFAB}.Debug|x86.Build.0 = Debug|Any CPU
		{F780F0DD-8A14-4E72-9525-A11D792CBFAB}.Release|Any CPU.ActiveCfg = Release|Any CPU
		{F780F0DD-8A14-4E72-9525-A11D792CBFAB}.Release|Any CPU.Build.0 = Release|Any CPU
		{F780F0DD-8A14-4E72-9525-A11D792CBFAB}.Release|ARM.ActiveCfg = Release|Any CPU
		{F780F0DD-8A14-4E72-9525-A11D792CBFAB}.Release|ARM.Build.0 = Release|Any CPU
		{F780F0DD-8A14-4E72-9525-A11D792CBFAB}.Release|x86.ActiveCfg = Release|Any CPU
		{F780F0DD-8A14-4E72-9525-A11D792CBFAB}.Release|x86.Build.0 = Release|Any CPU
		{36ED8CE4-44DF-4AF0-9F42-138289F663A9}.Debug|Any CPU.ActiveCfg = Debug|Any CPU
		{36ED8CE4-44DF-4AF0-9F42-138289F663A9}.Debug|Any CPU.Build.0 = Debug|Any CPU
		{36ED8CE4-44DF-4AF0-9F42-138289F663A9}.Debug|ARM.ActiveCfg = Debug|Any CPU
		{36ED8CE4-44DF-4AF0-9F42-138289F663A9}.Debug|ARM.Build.0 = Debug|Any CPU
		{36ED8CE4-44DF-4AF0-9F42-138289F663A9}.Debug|x86.ActiveCfg = Debug|Any CPU
		{36ED8CE4-44DF-4AF0-9F42-138289F663A9}.Debug|x86.Build.0 = Debug|Any CPU
		{36ED8CE4-44DF-4AF0-9F42-138289F663A9}.Release|Any CPU.ActiveCfg = Release|Any CPU
		{36ED8CE4-44DF-4AF0-9F42-138289F663A9}.Release|Any CPU.Build.0 = Release|Any CPU
		{36ED8CE4-44DF-4AF0-9F42-138289F663A9}.Release|ARM.ActiveCfg = Release|Any CPU
		{36ED8CE4-44DF-4AF0-9F42-138289F663A9}.Release|ARM.Build.0 = Release|Any CPU
		{36ED8CE4-44DF-4AF0-9F42-138289F663A9}.Release|x86.ActiveCfg = Release|Any CPU
		{36ED8CE4-44DF-4AF0-9F42-138289F663A9}.Release|x86.Build.0 = Release|Any CPU
		{3E4ADE30-7398-4612-A390-B68BF6175620}.Debug|Any CPU.ActiveCfg = Debug|Any CPU
		{3E4ADE30-7398-4612-A390-B68BF6175620}.Debug|Any CPU.Build.0 = Debug|Any CPU
		{3E4ADE30-7398-4612-A390-B68BF6175620}.Debug|ARM.ActiveCfg = Debug|Any CPU
		{3E4ADE30-7398-4612-A390-B68BF6175620}.Debug|ARM.Build.0 = Debug|Any CPU
		{3E4ADE30-7398-4612-A390-B68BF6175620}.Debug|x86.ActiveCfg = Debug|Any CPU
		{3E4ADE30-7398-4612-A390-B68BF6175620}.Debug|x86.Build.0 = Debug|Any CPU
		{3E4ADE30-7398-4612-A390-B68BF6175620}.Release|Any CPU.ActiveCfg = Release|Any CPU
		{3E4ADE30-7398-4612-A390-B68BF6175620}.Release|Any CPU.Build.0 = Release|Any CPU
		{3E4ADE30-7398-4612-A390-B68BF6175620}.Release|ARM.ActiveCfg = Release|Any CPU
		{3E4ADE30-7398-4612-A390-B68BF6175620}.Release|ARM.Build.0 = Release|Any CPU
		{3E4ADE30-7398-4612-A390-B68BF6175620}.Release|x86.ActiveCfg = Release|Any CPU
		{3E4ADE30-7398-4612-A390-B68BF6175620}.Release|x86.Build.0 = Release|Any CPU
		{94FB2B30-AA95-41E8-9B2F-6AF7D37355E1}.Debug|Any CPU.ActiveCfg = Debug|Any CPU
		{94FB2B30-AA95-41E8-9B2F-6AF7D37355E1}.Debug|Any CPU.Build.0 = Debug|Any CPU
		{94FB2B30-AA95-41E8-9B2F-6AF7D37355E1}.Debug|ARM.ActiveCfg = Debug|Any CPU
		{94FB2B30-AA95-41E8-9B2F-6AF7D37355E1}.Debug|ARM.Build.0 = Debug|Any CPU
		{94FB2B30-AA95-41E8-9B2F-6AF7D37355E1}.Debug|x86.ActiveCfg = Debug|Any CPU
		{94FB2B30-AA95-41E8-9B2F-6AF7D37355E1}.Debug|x86.Build.0 = Debug|Any CPU
		{94FB2B30-AA95-41E8-9B2F-6AF7D37355E1}.Release|Any CPU.ActiveCfg = Release|Any CPU
		{94FB2B30-AA95-41E8-9B2F-6AF7D37355E1}.Release|Any CPU.Build.0 = Release|Any CPU
		{94FB2B30-AA95-41E8-9B2F-6AF7D37355E1}.Release|ARM.ActiveCfg = Release|Any CPU
		{94FB2B30-AA95-41E8-9B2F-6AF7D37355E1}.Release|ARM.Build.0 = Release|Any CPU
		{94FB2B30-AA95-41E8-9B2F-6AF7D37355E1}.Release|x86.ActiveCfg = Release|Any CPU
		{94FB2B30-AA95-41E8-9B2F-6AF7D37355E1}.Release|x86.Build.0 = Release|Any CPU
		{6B1E34FE-AB5D-49E8-923C-2CE10472BBCB}.Debug|Any CPU.ActiveCfg = Debug|Any CPU
		{6B1E34FE-AB5D-49E8-923C-2CE10472BBCB}.Debug|Any CPU.Build.0 = Debug|Any CPU
		{6B1E34FE-AB5D-49E8-923C-2CE10472BBCB}.Debug|ARM.ActiveCfg = Debug|Any CPU
		{6B1E34FE-AB5D-49E8-923C-2CE10472BBCB}.Debug|ARM.Build.0 = Debug|Any CPU
		{6B1E34FE-AB5D-49E8-923C-2CE10472BBCB}.Debug|x86.ActiveCfg = Debug|Any CPU
		{6B1E34FE-AB5D-49E8-923C-2CE10472BBCB}.Debug|x86.Build.0 = Debug|Any CPU
		{6B1E34FE-AB5D-49E8-923C-2CE10472BBCB}.Release|Any CPU.ActiveCfg = Release|Any CPU
		{6B1E34FE-AB5D-49E8-923C-2CE10472BBCB}.Release|Any CPU.Build.0 = Release|Any CPU
		{6B1E34FE-AB5D-49E8-923C-2CE10472BBCB}.Release|ARM.ActiveCfg = Release|Any CPU
		{6B1E34FE-AB5D-49E8-923C-2CE10472BBCB}.Release|ARM.Build.0 = Release|Any CPU
		{6B1E34FE-AB5D-49E8-923C-2CE10472BBCB}.Release|x86.ActiveCfg = Release|Any CPU
		{6B1E34FE-AB5D-49E8-923C-2CE10472BBCB}.Release|x86.Build.0 = Release|Any CPU
		{7D663977-D179-4AF3-B3B8-671159C976E6}.Debug|Any CPU.ActiveCfg = Debug|Any CPU
		{7D663977-D179-4AF3-B3B8-671159C976E6}.Debug|Any CPU.Build.0 = Debug|Any CPU
		{7D663977-D179-4AF3-B3B8-671159C976E6}.Debug|ARM.ActiveCfg = Debug|Any CPU
		{7D663977-D179-4AF3-B3B8-671159C976E6}.Debug|ARM.Build.0 = Debug|Any CPU
		{7D663977-D179-4AF3-B3B8-671159C976E6}.Debug|x86.ActiveCfg = Debug|Any CPU
		{7D663977-D179-4AF3-B3B8-671159C976E6}.Debug|x86.Build.0 = Debug|Any CPU
		{7D663977-D179-4AF3-B3B8-671159C976E6}.Release|Any CPU.ActiveCfg = Release|Any CPU
		{7D663977-D179-4AF3-B3B8-671159C976E6}.Release|Any CPU.Build.0 = Release|Any CPU
		{7D663977-D179-4AF3-B3B8-671159C976E6}.Release|ARM.ActiveCfg = Release|Any CPU
		{7D663977-D179-4AF3-B3B8-671159C976E6}.Release|ARM.Build.0 = Release|Any CPU
		{7D663977-D179-4AF3-B3B8-671159C976E6}.Release|x86.ActiveCfg = Release|Any CPU
		{7D663977-D179-4AF3-B3B8-671159C976E6}.Release|x86.Build.0 = Release|Any CPU
		{986B1475-023C-41A1-903C-7A48FFC55ADF}.Debug|Any CPU.ActiveCfg = Debug|Any CPU
		{986B1475-023C-41A1-903C-7A48FFC55ADF}.Debug|Any CPU.Build.0 = Debug|Any CPU
		{986B1475-023C-41A1-903C-7A48FFC55ADF}.Debug|ARM.ActiveCfg = Debug|Any CPU
		{986B1475-023C-41A1-903C-7A48FFC55ADF}.Debug|ARM.Build.0 = Debug|Any CPU
		{986B1475-023C-41A1-903C-7A48FFC55ADF}.Debug|x86.ActiveCfg = Debug|Any CPU
		{986B1475-023C-41A1-903C-7A48FFC55ADF}.Debug|x86.Build.0 = Debug|Any CPU
		{986B1475-023C-41A1-903C-7A48FFC55ADF}.Release|Any CPU.ActiveCfg = Release|Any CPU
		{986B1475-023C-41A1-903C-7A48FFC55ADF}.Release|Any CPU.Build.0 = Release|Any CPU
		{986B1475-023C-41A1-903C-7A48FFC55ADF}.Release|ARM.ActiveCfg = Release|Any CPU
		{986B1475-023C-41A1-903C-7A48FFC55ADF}.Release|ARM.Build.0 = Release|Any CPU
		{986B1475-023C-41A1-903C-7A48FFC55ADF}.Release|x86.ActiveCfg = Release|Any CPU
		{986B1475-023C-41A1-903C-7A48FFC55ADF}.Release|x86.Build.0 = Release|Any CPU
		{1BE81A3A-E8ED-4659-ADE1-394450E59B69}.Debug|Any CPU.ActiveCfg = Debug|Any CPU
		{1BE81A3A-E8ED-4659-ADE1-394450E59B69}.Debug|Any CPU.Build.0 = Debug|Any CPU
		{1BE81A3A-E8ED-4659-ADE1-394450E59B69}.Debug|ARM.ActiveCfg = Debug|Any CPU
		{1BE81A3A-E8ED-4659-ADE1-394450E59B69}.Debug|ARM.Build.0 = Debug|Any CPU
		{1BE81A3A-E8ED-4659-ADE1-394450E59B69}.Debug|x86.ActiveCfg = Debug|Any CPU
		{1BE81A3A-E8ED-4659-ADE1-394450E59B69}.Debug|x86.Build.0 = Debug|Any CPU
		{1BE81A3A-E8ED-4659-ADE1-394450E59B69}.Release|Any CPU.ActiveCfg = Release|Any CPU
		{1BE81A3A-E8ED-4659-ADE1-394450E59B69}.Release|Any CPU.Build.0 = Release|Any CPU
		{1BE81A3A-E8ED-4659-ADE1-394450E59B69}.Release|ARM.ActiveCfg = Release|Any CPU
		{1BE81A3A-E8ED-4659-ADE1-394450E59B69}.Release|x86.ActiveCfg = Release|Any CPU
		{A1A50035-9654-49C2-AFA4-F21B25F7C3B7}.Debug|Any CPU.ActiveCfg = Debug|Any CPU
		{A1A50035-9654-49C2-AFA4-F21B25F7C3B7}.Debug|Any CPU.Build.0 = Debug|Any CPU
		{A1A50035-9654-49C2-AFA4-F21B25F7C3B7}.Debug|ARM.ActiveCfg = Debug|Any CPU
		{A1A50035-9654-49C2-AFA4-F21B25F7C3B7}.Debug|x86.ActiveCfg = Debug|Any CPU
		{A1A50035-9654-49C2-AFA4-F21B25F7C3B7}.Release|Any CPU.ActiveCfg = Release|Any CPU
		{A1A50035-9654-49C2-AFA4-F21B25F7C3B7}.Release|Any CPU.Build.0 = Release|Any CPU
		{A1A50035-9654-49C2-AFA4-F21B25F7C3B7}.Release|ARM.ActiveCfg = Release|Any CPU
		{A1A50035-9654-49C2-AFA4-F21B25F7C3B7}.Release|x86.ActiveCfg = Release|Any CPU
		{C3793263-070C-4DA7-994C-E116E63F9DE6}.Debug|Any CPU.ActiveCfg = Debug|Any CPU
		{C3793263-070C-4DA7-994C-E116E63F9DE6}.Debug|Any CPU.Build.0 = Debug|Any CPU
		{C3793263-070C-4DA7-994C-E116E63F9DE6}.Debug|ARM.ActiveCfg = Debug|Any CPU
		{C3793263-070C-4DA7-994C-E116E63F9DE6}.Debug|x86.ActiveCfg = Debug|Any CPU
		{C3793263-070C-4DA7-994C-E116E63F9DE6}.Release|Any CPU.ActiveCfg = Release|Any CPU
		{C3793263-070C-4DA7-994C-E116E63F9DE6}.Release|Any CPU.Build.0 = Release|Any CPU
		{C3793263-070C-4DA7-994C-E116E63F9DE6}.Release|ARM.ActiveCfg = Release|Any CPU
		{C3793263-070C-4DA7-994C-E116E63F9DE6}.Release|x86.ActiveCfg = Release|Any CPU
		{FA7A34C6-DD2B-48C1-827B-2B56BD634996}.Debug|Any CPU.ActiveCfg = Debug|Any CPU
		{FA7A34C6-DD2B-48C1-827B-2B56BD634996}.Debug|Any CPU.Build.0 = Debug|Any CPU
		{FA7A34C6-DD2B-48C1-827B-2B56BD634996}.Debug|ARM.ActiveCfg = Debug|Any CPU
		{FA7A34C6-DD2B-48C1-827B-2B56BD634996}.Debug|x86.ActiveCfg = Debug|Any CPU
		{FA7A34C6-DD2B-48C1-827B-2B56BD634996}.Release|Any CPU.ActiveCfg = Release|Any CPU
		{FA7A34C6-DD2B-48C1-827B-2B56BD634996}.Release|Any CPU.Build.0 = Release|Any CPU
		{FA7A34C6-DD2B-48C1-827B-2B56BD634996}.Release|ARM.ActiveCfg = Release|Any CPU
		{FA7A34C6-DD2B-48C1-827B-2B56BD634996}.Release|x86.ActiveCfg = Release|Any CPU
		{B1780E96-7E18-47C0-9E93-1086D9491815}.Debug|Any CPU.ActiveCfg = Debug|Any CPU
		{B1780E96-7E18-47C0-9E93-1086D9491815}.Debug|Any CPU.Build.0 = Debug|Any CPU
		{B1780E96-7E18-47C0-9E93-1086D9491815}.Debug|ARM.ActiveCfg = Debug|Any CPU
		{B1780E96-7E18-47C0-9E93-1086D9491815}.Debug|x86.ActiveCfg = Debug|Any CPU
		{B1780E96-7E18-47C0-9E93-1086D9491815}.Release|Any CPU.ActiveCfg = Release|Any CPU
		{B1780E96-7E18-47C0-9E93-1086D9491815}.Release|Any CPU.Build.0 = Release|Any CPU
		{B1780E96-7E18-47C0-9E93-1086D9491815}.Release|ARM.ActiveCfg = Release|Any CPU
		{B1780E96-7E18-47C0-9E93-1086D9491815}.Release|x86.ActiveCfg = Release|Any CPU
		{31858F5B-A2B5-4AFC-BF65-D5A1554524EB}.Debug|Any CPU.ActiveCfg = Debug|Any CPU
		{31858F5B-A2B5-4AFC-BF65-D5A1554524EB}.Debug|Any CPU.Build.0 = Debug|Any CPU
		{31858F5B-A2B5-4AFC-BF65-D5A1554524EB}.Debug|ARM.ActiveCfg = Debug|Any CPU
		{31858F5B-A2B5-4AFC-BF65-D5A1554524EB}.Debug|x86.ActiveCfg = Debug|Any CPU
		{31858F5B-A2B5-4AFC-BF65-D5A1554524EB}.Release|Any CPU.ActiveCfg = Release|Any CPU
		{31858F5B-A2B5-4AFC-BF65-D5A1554524EB}.Release|Any CPU.Build.0 = Release|Any CPU
		{31858F5B-A2B5-4AFC-BF65-D5A1554524EB}.Release|ARM.ActiveCfg = Release|Any CPU
		{31858F5B-A2B5-4AFC-BF65-D5A1554524EB}.Release|x86.ActiveCfg = Release|Any CPU
		{136E3C79-E778-49BC-8982-D622B0ED912B}.Debug|Any CPU.ActiveCfg = Debug|Any CPU
		{136E3C79-E778-49BC-8982-D622B0ED912B}.Debug|Any CPU.Build.0 = Debug|Any CPU
		{136E3C79-E778-49BC-8982-D622B0ED912B}.Debug|ARM.ActiveCfg = Debug|ARM
		{136E3C79-E778-49BC-8982-D622B0ED912B}.Debug|ARM.Build.0 = Debug|ARM
		{136E3C79-E778-49BC-8982-D622B0ED912B}.Debug|x86.ActiveCfg = Debug|x86
		{136E3C79-E778-49BC-8982-D622B0ED912B}.Debug|x86.Build.0 = Debug|x86
		{136E3C79-E778-49BC-8982-D622B0ED912B}.Release|Any CPU.ActiveCfg = Release|Any CPU
		{136E3C79-E778-49BC-8982-D622B0ED912B}.Release|Any CPU.Build.0 = Release|Any CPU
		{136E3C79-E778-49BC-8982-D622B0ED912B}.Release|ARM.ActiveCfg = Release|ARM
		{136E3C79-E778-49BC-8982-D622B0ED912B}.Release|ARM.Build.0 = Release|ARM
		{136E3C79-E778-49BC-8982-D622B0ED912B}.Release|x86.ActiveCfg = Release|x86
		{136E3C79-E778-49BC-8982-D622B0ED912B}.Release|x86.Build.0 = Release|x86
		{5398203E-B2F3-499B-8C9E-5D46AA7CD2AE}.Debug|Any CPU.ActiveCfg = Debug|Any CPU
		{5398203E-B2F3-499B-8C9E-5D46AA7CD2AE}.Debug|Any CPU.Build.0 = Debug|Any CPU
		{5398203E-B2F3-499B-8C9E-5D46AA7CD2AE}.Debug|ARM.ActiveCfg = Debug|ARM
		{5398203E-B2F3-499B-8C9E-5D46AA7CD2AE}.Debug|ARM.Build.0 = Debug|ARM
		{5398203E-B2F3-499B-8C9E-5D46AA7CD2AE}.Debug|x86.ActiveCfg = Debug|x86
		{5398203E-B2F3-499B-8C9E-5D46AA7CD2AE}.Debug|x86.Build.0 = Debug|x86
		{5398203E-B2F3-499B-8C9E-5D46AA7CD2AE}.Release|Any CPU.ActiveCfg = Release|Any CPU
		{5398203E-B2F3-499B-8C9E-5D46AA7CD2AE}.Release|Any CPU.Build.0 = Release|Any CPU
		{5398203E-B2F3-499B-8C9E-5D46AA7CD2AE}.Release|ARM.ActiveCfg = Release|ARM
		{5398203E-B2F3-499B-8C9E-5D46AA7CD2AE}.Release|ARM.Build.0 = Release|ARM
		{5398203E-B2F3-499B-8C9E-5D46AA7CD2AE}.Release|x86.ActiveCfg = Release|x86
		{5398203E-B2F3-499B-8C9E-5D46AA7CD2AE}.Release|x86.Build.0 = Release|x86
		{B5CCA7EF-A968-440F-9179-E282D5F95372}.Debug|Any CPU.ActiveCfg = Debug|Any CPU
		{B5CCA7EF-A968-440F-9179-E282D5F95372}.Debug|Any CPU.Build.0 = Debug|Any CPU
		{B5CCA7EF-A968-440F-9179-E282D5F95372}.Debug|ARM.ActiveCfg = Debug|ARM
		{B5CCA7EF-A968-440F-9179-E282D5F95372}.Debug|ARM.Build.0 = Debug|ARM
		{B5CCA7EF-A968-440F-9179-E282D5F95372}.Debug|x86.ActiveCfg = Debug|x86
		{B5CCA7EF-A968-440F-9179-E282D5F95372}.Debug|x86.Build.0 = Debug|x86
		{B5CCA7EF-A968-440F-9179-E282D5F95372}.Release|Any CPU.ActiveCfg = Release|Any CPU
		{B5CCA7EF-A968-440F-9179-E282D5F95372}.Release|Any CPU.Build.0 = Release|Any CPU
		{B5CCA7EF-A968-440F-9179-E282D5F95372}.Release|ARM.ActiveCfg = Release|ARM
		{B5CCA7EF-A968-440F-9179-E282D5F95372}.Release|ARM.Build.0 = Release|ARM
		{B5CCA7EF-A968-440F-9179-E282D5F95372}.Release|x86.ActiveCfg = Release|x86
		{B5CCA7EF-A968-440F-9179-E282D5F95372}.Release|x86.Build.0 = Release|x86
		{0F85A43B-CB55-475C-850B-0053B9F1F93E}.Debug|Any CPU.ActiveCfg = Debug|Any CPU
		{0F85A43B-CB55-475C-850B-0053B9F1F93E}.Debug|Any CPU.Build.0 = Debug|Any CPU
		{0F85A43B-CB55-475C-850B-0053B9F1F93E}.Debug|ARM.ActiveCfg = Debug|ARM
		{0F85A43B-CB55-475C-850B-0053B9F1F93E}.Debug|ARM.Build.0 = Debug|ARM
		{0F85A43B-CB55-475C-850B-0053B9F1F93E}.Debug|x86.ActiveCfg = Debug|x86
		{0F85A43B-CB55-475C-850B-0053B9F1F93E}.Debug|x86.Build.0 = Debug|x86
		{0F85A43B-CB55-475C-850B-0053B9F1F93E}.Release|Any CPU.ActiveCfg = Release|Any CPU
		{0F85A43B-CB55-475C-850B-0053B9F1F93E}.Release|Any CPU.Build.0 = Release|Any CPU
		{0F85A43B-CB55-475C-850B-0053B9F1F93E}.Release|ARM.ActiveCfg = Release|ARM
		{0F85A43B-CB55-475C-850B-0053B9F1F93E}.Release|ARM.Build.0 = Release|ARM
		{0F85A43B-CB55-475C-850B-0053B9F1F93E}.Release|x86.ActiveCfg = Release|x86
		{0F85A43B-CB55-475C-850B-0053B9F1F93E}.Release|x86.Build.0 = Release|x86
		{E1C98ACE-FE3D-4B9B-B4D9-43E611B6F744}.Debug|Any CPU.ActiveCfg = Debug|Any CPU
		{E1C98ACE-FE3D-4B9B-B4D9-43E611B6F744}.Debug|Any CPU.Build.0 = Debug|Any CPU
		{E1C98ACE-FE3D-4B9B-B4D9-43E611B6F744}.Debug|ARM.ActiveCfg = Debug|ARM
		{E1C98ACE-FE3D-4B9B-B4D9-43E611B6F744}.Debug|ARM.Build.0 = Debug|ARM
		{E1C98ACE-FE3D-4B9B-B4D9-43E611B6F744}.Debug|x86.ActiveCfg = Debug|x86
		{E1C98ACE-FE3D-4B9B-B4D9-43E611B6F744}.Debug|x86.Build.0 = Debug|x86
		{E1C98ACE-FE3D-4B9B-B4D9-43E611B6F744}.Release|Any CPU.ActiveCfg = Release|Any CPU
		{E1C98ACE-FE3D-4B9B-B4D9-43E611B6F744}.Release|Any CPU.Build.0 = Release|Any CPU
		{E1C98ACE-FE3D-4B9B-B4D9-43E611B6F744}.Release|ARM.ActiveCfg = Release|ARM
		{E1C98ACE-FE3D-4B9B-B4D9-43E611B6F744}.Release|ARM.Build.0 = Release|ARM
		{E1C98ACE-FE3D-4B9B-B4D9-43E611B6F744}.Release|x86.ActiveCfg = Release|x86
		{E1C98ACE-FE3D-4B9B-B4D9-43E611B6F744}.Release|x86.Build.0 = Release|x86
		{E4B7950A-4DD8-42BE-9B05-4537CF6ABFEF}.Debug|Any CPU.ActiveCfg = Debug|Any CPU
		{E4B7950A-4DD8-42BE-9B05-4537CF6ABFEF}.Debug|Any CPU.Build.0 = Debug|Any CPU
		{E4B7950A-4DD8-42BE-9B05-4537CF6ABFEF}.Debug|ARM.ActiveCfg = Debug|ARM
		{E4B7950A-4DD8-42BE-9B05-4537CF6ABFEF}.Debug|ARM.Build.0 = Debug|ARM
		{E4B7950A-4DD8-42BE-9B05-4537CF6ABFEF}.Debug|x86.ActiveCfg = Debug|x86
		{E4B7950A-4DD8-42BE-9B05-4537CF6ABFEF}.Debug|x86.Build.0 = Debug|x86
		{E4B7950A-4DD8-42BE-9B05-4537CF6ABFEF}.Release|Any CPU.ActiveCfg = Release|Any CPU
		{E4B7950A-4DD8-42BE-9B05-4537CF6ABFEF}.Release|Any CPU.Build.0 = Release|Any CPU
		{E4B7950A-4DD8-42BE-9B05-4537CF6ABFEF}.Release|ARM.ActiveCfg = Release|ARM
		{E4B7950A-4DD8-42BE-9B05-4537CF6ABFEF}.Release|ARM.Build.0 = Release|ARM
		{E4B7950A-4DD8-42BE-9B05-4537CF6ABFEF}.Release|x86.ActiveCfg = Release|x86
		{E4B7950A-4DD8-42BE-9B05-4537CF6ABFEF}.Release|x86.Build.0 = Release|x86
		{E4D866FE-E3AD-4309-9730-0F3AE64916EB}.Debug|Any CPU.ActiveCfg = Debug|Any CPU
		{E4D866FE-E3AD-4309-9730-0F3AE64916EB}.Debug|Any CPU.Build.0 = Debug|Any CPU
		{E4D866FE-E3AD-4309-9730-0F3AE64916EB}.Debug|ARM.ActiveCfg = Debug|ARM
		{E4D866FE-E3AD-4309-9730-0F3AE64916EB}.Debug|ARM.Build.0 = Debug|ARM
		{E4D866FE-E3AD-4309-9730-0F3AE64916EB}.Debug|x86.ActiveCfg = Debug|x86
		{E4D866FE-E3AD-4309-9730-0F3AE64916EB}.Debug|x86.Build.0 = Debug|x86
		{E4D866FE-E3AD-4309-9730-0F3AE64916EB}.Release|Any CPU.ActiveCfg = Release|Any CPU
		{E4D866FE-E3AD-4309-9730-0F3AE64916EB}.Release|Any CPU.Build.0 = Release|Any CPU
		{E4D866FE-E3AD-4309-9730-0F3AE64916EB}.Release|ARM.ActiveCfg = Release|ARM
		{E4D866FE-E3AD-4309-9730-0F3AE64916EB}.Release|ARM.Build.0 = Release|ARM
		{E4D866FE-E3AD-4309-9730-0F3AE64916EB}.Release|x86.ActiveCfg = Release|x86
		{E4D866FE-E3AD-4309-9730-0F3AE64916EB}.Release|x86.Build.0 = Release|x86
		{EB96A9BE-48EC-4FD8-9755-61D667CD8225}.Debug|Any CPU.ActiveCfg = Debug|Any CPU
		{EB96A9BE-48EC-4FD8-9755-61D667CD8225}.Debug|Any CPU.Build.0 = Debug|Any CPU
		{EB96A9BE-48EC-4FD8-9755-61D667CD8225}.Debug|ARM.ActiveCfg = Debug|ARM
		{EB96A9BE-48EC-4FD8-9755-61D667CD8225}.Debug|ARM.Build.0 = Debug|ARM
		{EB96A9BE-48EC-4FD8-9755-61D667CD8225}.Debug|x86.ActiveCfg = Debug|x86
		{EB96A9BE-48EC-4FD8-9755-61D667CD8225}.Debug|x86.Build.0 = Debug|x86
		{EB96A9BE-48EC-4FD8-9755-61D667CD8225}.Release|Any CPU.ActiveCfg = Release|Any CPU
		{EB96A9BE-48EC-4FD8-9755-61D667CD8225}.Release|Any CPU.Build.0 = Release|Any CPU
		{EB96A9BE-48EC-4FD8-9755-61D667CD8225}.Release|ARM.ActiveCfg = Release|ARM
		{EB96A9BE-48EC-4FD8-9755-61D667CD8225}.Release|ARM.Build.0 = Release|ARM
		{EB96A9BE-48EC-4FD8-9755-61D667CD8225}.Release|x86.ActiveCfg = Release|x86
		{EB96A9BE-48EC-4FD8-9755-61D667CD8225}.Release|x86.Build.0 = Release|x86
		{2B8508A4-77E2-42E8-BD5B-2B60C9CE7757}.Debug|Any CPU.ActiveCfg = Debug|Any CPU
		{2B8508A4-77E2-42E8-BD5B-2B60C9CE7757}.Debug|Any CPU.Build.0 = Debug|Any CPU
		{2B8508A4-77E2-42E8-BD5B-2B60C9CE7757}.Debug|ARM.ActiveCfg = Debug|ARM
		{2B8508A4-77E2-42E8-BD5B-2B60C9CE7757}.Debug|ARM.Build.0 = Debug|ARM
		{2B8508A4-77E2-42E8-BD5B-2B60C9CE7757}.Debug|x86.ActiveCfg = Debug|x86
		{2B8508A4-77E2-42E8-BD5B-2B60C9CE7757}.Debug|x86.Build.0 = Debug|x86
		{2B8508A4-77E2-42E8-BD5B-2B60C9CE7757}.Release|Any CPU.ActiveCfg = Release|Any CPU
		{2B8508A4-77E2-42E8-BD5B-2B60C9CE7757}.Release|Any CPU.Build.0 = Release|Any CPU
		{2B8508A4-77E2-42E8-BD5B-2B60C9CE7757}.Release|ARM.ActiveCfg = Release|ARM
		{2B8508A4-77E2-42E8-BD5B-2B60C9CE7757}.Release|ARM.Build.0 = Release|ARM
		{2B8508A4-77E2-42E8-BD5B-2B60C9CE7757}.Release|x86.ActiveCfg = Release|x86
		{2B8508A4-77E2-42E8-BD5B-2B60C9CE7757}.Release|x86.Build.0 = Release|x86
		{3D28A417-59DC-40D7-94EC-6FCB0FBD3E36}.Debug|Any CPU.ActiveCfg = Debug|Any CPU
		{3D28A417-59DC-40D7-94EC-6FCB0FBD3E36}.Debug|Any CPU.Build.0 = Debug|Any CPU
		{3D28A417-59DC-40D7-94EC-6FCB0FBD3E36}.Debug|ARM.ActiveCfg = Debug|ARM
		{3D28A417-59DC-40D7-94EC-6FCB0FBD3E36}.Debug|ARM.Build.0 = Debug|ARM
		{3D28A417-59DC-40D7-94EC-6FCB0FBD3E36}.Debug|x86.ActiveCfg = Debug|x86
		{3D28A417-59DC-40D7-94EC-6FCB0FBD3E36}.Debug|x86.Build.0 = Debug|x86
		{3D28A417-59DC-40D7-94EC-6FCB0FBD3E36}.Release|Any CPU.ActiveCfg = Release|Any CPU
		{3D28A417-59DC-40D7-94EC-6FCB0FBD3E36}.Release|Any CPU.Build.0 = Release|Any CPU
		{3D28A417-59DC-40D7-94EC-6FCB0FBD3E36}.Release|ARM.ActiveCfg = Release|ARM
		{3D28A417-59DC-40D7-94EC-6FCB0FBD3E36}.Release|ARM.Build.0 = Release|ARM
		{3D28A417-59DC-40D7-94EC-6FCB0FBD3E36}.Release|x86.ActiveCfg = Release|x86
		{3D28A417-59DC-40D7-94EC-6FCB0FBD3E36}.Release|x86.Build.0 = Release|x86
		{34C892ED-8B51-43CE-836B-F0CE5317C2E5}.Debug|Any CPU.ActiveCfg = Debug|Any CPU
		{34C892ED-8B51-43CE-836B-F0CE5317C2E5}.Debug|Any CPU.Build.0 = Debug|Any CPU
		{34C892ED-8B51-43CE-836B-F0CE5317C2E5}.Debug|ARM.ActiveCfg = Debug|ARM
		{34C892ED-8B51-43CE-836B-F0CE5317C2E5}.Debug|ARM.Build.0 = Debug|ARM
		{34C892ED-8B51-43CE-836B-F0CE5317C2E5}.Debug|x86.ActiveCfg = Debug|x86
		{34C892ED-8B51-43CE-836B-F0CE5317C2E5}.Debug|x86.Build.0 = Debug|x86
		{34C892ED-8B51-43CE-836B-F0CE5317C2E5}.Release|Any CPU.ActiveCfg = Release|Any CPU
		{34C892ED-8B51-43CE-836B-F0CE5317C2E5}.Release|Any CPU.Build.0 = Release|Any CPU
		{34C892ED-8B51-43CE-836B-F0CE5317C2E5}.Release|ARM.ActiveCfg = Release|ARM
		{34C892ED-8B51-43CE-836B-F0CE5317C2E5}.Release|ARM.Build.0 = Release|ARM
		{34C892ED-8B51-43CE-836B-F0CE5317C2E5}.Release|x86.ActiveCfg = Release|x86
		{34C892ED-8B51-43CE-836B-F0CE5317C2E5}.Release|x86.Build.0 = Release|x86
		{DCCDEAD5-49B4-47FF-A78B-56C01F9A25C5}.Debug|Any CPU.ActiveCfg = Debug|Any CPU
		{DCCDEAD5-49B4-47FF-A78B-56C01F9A25C5}.Debug|Any CPU.Build.0 = Debug|Any CPU
		{DCCDEAD5-49B4-47FF-A78B-56C01F9A25C5}.Debug|ARM.ActiveCfg = Debug|Any CPU
		{DCCDEAD5-49B4-47FF-A78B-56C01F9A25C5}.Debug|x86.ActiveCfg = Debug|Any CPU
		{DCCDEAD5-49B4-47FF-A78B-56C01F9A25C5}.Release|Any CPU.ActiveCfg = Release|Any CPU
		{DCCDEAD5-49B4-47FF-A78B-56C01F9A25C5}.Release|Any CPU.Build.0 = Release|Any CPU
		{DCCDEAD5-49B4-47FF-A78B-56C01F9A25C5}.Release|ARM.ActiveCfg = Release|Any CPU
		{DCCDEAD5-49B4-47FF-A78B-56C01F9A25C5}.Release|x86.ActiveCfg = Release|Any CPU
		{79DF6F47-E728-4A56-8172-762356BC54D2}.Debug|Any CPU.ActiveCfg = Debug|Any CPU
		{79DF6F47-E728-4A56-8172-762356BC54D2}.Debug|Any CPU.Build.0 = Debug|Any CPU
		{79DF6F47-E728-4A56-8172-762356BC54D2}.Debug|ARM.ActiveCfg = Debug|ARM
		{79DF6F47-E728-4A56-8172-762356BC54D2}.Debug|ARM.Build.0 = Debug|ARM
		{79DF6F47-E728-4A56-8172-762356BC54D2}.Debug|x86.ActiveCfg = Debug|x86
		{79DF6F47-E728-4A56-8172-762356BC54D2}.Debug|x86.Build.0 = Debug|x86
		{79DF6F47-E728-4A56-8172-762356BC54D2}.Release|Any CPU.ActiveCfg = Release|Any CPU
		{79DF6F47-E728-4A56-8172-762356BC54D2}.Release|Any CPU.Build.0 = Release|Any CPU
		{79DF6F47-E728-4A56-8172-762356BC54D2}.Release|ARM.ActiveCfg = Release|ARM
		{79DF6F47-E728-4A56-8172-762356BC54D2}.Release|ARM.Build.0 = Release|ARM
		{79DF6F47-E728-4A56-8172-762356BC54D2}.Release|x86.ActiveCfg = Release|x86
		{79DF6F47-E728-4A56-8172-762356BC54D2}.Release|x86.Build.0 = Release|x86
	EndGlobalSection
	GlobalSection(SolutionProperties) = preSolution
		HideSolutionNode = FALSE
	EndGlobalSection
EndGlobal
