PODS:
  - AFNetworking (2.2.3):
    - AFNetworking/NSURLConnection
    - AFNetworking/NSURLSession
    - AFNetworking/Reachability
    - AFNetworking/Security
    - AFNetworking/Serialization
    - AFNetworking/UIKit
  - AFNetworking/NSURLConnection (2.2.3):
    - AFNetworking/Reachability
    - AFNetworking/Security
    - AFNetworking/Serialization
  - AFNetworking/NSURLSession (2.2.3):
    - AFNetworking/NSURLConnection
  - AFNetworking/Reachability (2.2.3)
  - AFNetworking/Security (2.2.3)
  - AFNetworking/Serialization (2.2.3)
  - AFNetworking/UIKit (2.2.3):
    - AFNetworking/NSURLConnection
    - AFNetworking/NSURLSession
  - CDZQRScanningViewController (1.0.7)
  - GoogleAnalytics-iOS-SDK (3.0.6)
  - JTTargetActionBlock (1.0.0)
  - MBProgressHUD (0.8)
  - NSTimer-Blocks (0.0.1)
  - SSKeychain (1.2.2)
  - TapkuLibrary (0.3.4)
  - TUSafariActivity (1.0.0)

DEPENDENCIES:
  - AFNetworking (~> 2.0)
  - CDZQRScanningViewController
  - GoogleAnalytics-iOS-SDK (~> 3.0)
  - JTTargetActionBlock
  - MBProgressHUD
  - NSTimer-Blocks
  - SSKeychain (~> 1.2)
  - TapkuLibrary (from `git@github.com:loicgardiol/tapkulibrary.git`)
  - TUSafariActivity

EXTERNAL SOURCES:
  TapkuLibrary:
    :git: git@github.com:loicgardiol/tapkulibrary.git

SPEC CHECKSUMS:
  AFNetworking: 47947303319594706f48a55185ea95a95159ab94
  CDZQRScanningViewController: 69cb48a4d02c483a8ee43da15b8fd23fc4e853f3
  GoogleAnalytics-iOS-SDK: 4577fb25381a71c5beac455b18ebb288fc4f44e9
  JTTargetActionBlock: bef69054d368a91b33b98a520fa9e78e218a5a25
  MBProgressHUD: c356980b0cd097f19acec959b49dca5eb8ec31be
  NSTimer-Blocks: 0a653b84ab33068a085f5c03c82c18be1f61eba9
  SSKeychain: cc48bd3ad24fcd9125adb9e0d23dd50b8bbd08b9
  TapkuLibrary: 4ed05848ca4926c39f1da29d41695c1c516dcb1d
  TUSafariActivity: afff9b1d2eacf7cbace752c5f2bf56db852714de

COCOAPODS: 0.33.1
