// !$*UTF8*$!
{
	archiveVersion = 1;
	classes = {
	};
	objectVersion = 46;
	objects = {

/* Begin PBXBuildFile section */
		32015037150401E000FF87B6 /* DirectoryLarge.png in Resources */ = {isa = PBXBuildFile; fileRef = 32015036150401E000FF87B6 /* DirectoryLarge.png */; };
		3203ECD41503C01E004C2A13 /* LoadingIndicator.png in Resources */ = {isa = PBXBuildFile; fileRef = 3203ECD31503C01E004C2A13 /* LoadingIndicator.png */; };
		320AAC7514FD481E00F71CD7 /* Config.plist in Resources */ = {isa = PBXBuildFile; fileRef = 320AAC7414FD481E00F71CD7 /* Config.plist */; };
		32102B6615050B9D0076537E /* food.m in Sources */ = {isa = PBXBuildFile; fileRef = 32102B6515050B9D0076537E /* food.m */; };
		32102B6915050BB50076537E /* common.m in Sources */ = {isa = PBXBuildFile; fileRef = 32102B6815050BB50076537E /* common.m */; };
		32102B6C15050C000076537E /* FoodService.m in Sources */ = {isa = PBXBuildFile; fileRef = 32102B6B15050C000076537E /* FoodService.m */; };
		3217CE0A1508E31200BF94F7 /* FoodController.m in Sources */ = {isa = PBXBuildFile; fileRef = 3217CE091508E31200BF94F7 /* FoodController.m */; };
		3217CE0C1508EB4D00BF94F7 /* RestaurantsListView.xib in Resources */ = {isa = PBXBuildFile; fileRef = 3217CE0B1508EB4D00BF94F7 /* RestaurantsListView.xib */; };
		3217CE0F1508F92700BF94F7 /* RestaurantsListViewController.m in Sources */ = {isa = PBXBuildFile; fileRef = 3217CE0E1508F92700BF94F7 /* RestaurantsListViewController.m */; };
		3219EF5114FCDE4900A271CD /* UIKit.framework in Frameworks */ = {isa = PBXBuildFile; fileRef = 3219EF5014FCDE4900A271CD /* UIKit.framework */; };
		3219EF5314FCDE4900A271CD /* Foundation.framework in Frameworks */ = {isa = PBXBuildFile; fileRef = 3219EF5214FCDE4900A271CD /* Foundation.framework */; };
		3219EF5514FCDE4900A271CD /* CoreGraphics.framework in Frameworks */ = {isa = PBXBuildFile; fileRef = 3219EF5414FCDE4900A271CD /* CoreGraphics.framework */; };
		3219EF5D14FCDE4900A271CD /* main.m in Sources */ = {isa = PBXBuildFile; fileRef = 3219EF5C14FCDE4900A271CD /* main.m */; };
		3219EF8C14FCE08300A271CD /* TBinaryProtocol.m in Sources */ = {isa = PBXBuildFile; fileRef = 3219EF6B14FCE08300A271CD /* TBinaryProtocol.m */; };
		3219EF8D14FCE08300A271CD /* TProtocolException.m in Sources */ = {isa = PBXBuildFile; fileRef = 3219EF6E14FCE08300A271CD /* TProtocolException.m */; };
		3219EF8E14FCE08300A271CD /* TProtocolUtil.m in Sources */ = {isa = PBXBuildFile; fileRef = 3219EF7114FCE08300A271CD /* TProtocolUtil.m */; };
		3219EF8F14FCE08300A271CD /* TSocketServer.m in Sources */ = {isa = PBXBuildFile; fileRef = 3219EF7414FCE08300A271CD /* TSocketServer.m */; };
		3219EF9014FCE08300A271CD /* TApplicationException.m in Sources */ = {isa = PBXBuildFile; fileRef = 3219EF7614FCE08300A271CD /* TApplicationException.m */; };
		3219EF9114FCE08300A271CD /* TException.m in Sources */ = {isa = PBXBuildFile; fileRef = 3219EF7814FCE08300A271CD /* TException.m */; };
		3219EF9214FCE08300A271CD /* THTTPClient.m in Sources */ = {isa = PBXBuildFile; fileRef = 3219EF7E14FCE08300A271CD /* THTTPClient.m */; };
		3219EF9314FCE08300A271CD /* TMemoryBuffer.m in Sources */ = {isa = PBXBuildFile; fileRef = 3219EF8014FCE08300A271CD /* TMemoryBuffer.m */; };
		3219EF9414FCE08300A271CD /* TNSFileHandleTransport.m in Sources */ = {isa = PBXBuildFile; fileRef = 3219EF8214FCE08300A271CD /* TNSFileHandleTransport.m */; };
		3219EF9514FCE08300A271CD /* TNSStreamTransport.m in Sources */ = {isa = PBXBuildFile; fileRef = 3219EF8414FCE08300A271CD /* TNSStreamTransport.m */; };
		3219EF9614FCE08300A271CD /* TSocketClient.m in Sources */ = {isa = PBXBuildFile; fileRef = 3219EF8614FCE08300A271CD /* TSocketClient.m */; };
		3219EF9714FCE08300A271CD /* TTransportException.m in Sources */ = {isa = PBXBuildFile; fileRef = 3219EF8914FCE08300A271CD /* TTransportException.m */; };
		3219EF9814FCE08300A271CD /* TSharedProcessorFactory.m in Sources */ = {isa = PBXBuildFile; fileRef = 3219EF8B14FCE08300A271CD /* TSharedProcessorFactory.m */; };
		3242DE1F150577050082D720 /* Service.m in Sources */ = {isa = PBXBuildFile; fileRef = 324715AD15001381007C230C /* Service.m */; };
		3247C3B71504F2E10079522A /* FoodPlugin.strings in Resources */ = {isa = PBXBuildFile; fileRef = 3247C3B01504F2E10079522A /* FoodPlugin.strings */; };
		3247CAF815135FD800105A71 /* PCTableViewSectionHeader.m in Sources */ = {isa = PBXBuildFile; fileRef = 3247CAF715135FD800105A71 /* PCTableViewSectionHeader.m */; };
		3266394A150C00E100719F6E /* NSString+MD5Addition.m in Sources */ = {isa = PBXBuildFile; fileRef = 32663947150C00E100719F6E /* NSString+MD5Addition.m */; };
		3266394B150C00E100719F6E /* UIDevice+IdentifierAddition.m in Sources */ = {isa = PBXBuildFile; fileRef = 32663949150C00E100719F6E /* UIDevice+IdentifierAddition.m */; };
		326B924815022C8A00DB4AEE /* HomeNavbar@2x.png in Resources */ = {isa = PBXBuildFile; fileRef = 326B924615022C8A00DB4AEE /* HomeNavbar@2x.png */; };
		326B924A15022D6700DB4AEE /* HomeNavbar.png in Resources */ = {isa = PBXBuildFile; fileRef = 326B924915022D6700DB4AEE /* HomeNavbar.png */; };
		326B9250150279E900DB4AEE /* AddressBookUI.framework in Frameworks */ = {isa = PBXBuildFile; fileRef = 326B924F150279E900DB4AEE /* AddressBookUI.framework */; };
		326B925215027A1400DB4AEE /* AddressBook.framework in Frameworks */ = {isa = PBXBuildFile; fileRef = 326B925115027A1400DB4AEE /* AddressBook.framework */; };
		32704C67150016B3002BCB75 /* PluginController.m in Sources */ = {isa = PBXBuildFile; fileRef = 32704C66150016B3002BCB75 /* PluginController.m */; };
		32704C7C15002F67002BCB75 /* Plugins.plist in Resources */ = {isa = PBXBuildFile; fileRef = 32704C7B15002F67002BCB75 /* Plugins.plist */; };
		3276BE0B150BBA77001F2A88 /* RatingStarEmpty.png in Resources */ = {isa = PBXBuildFile; fileRef = 3276BE09150BBA77001F2A88 /* RatingStarEmpty.png */; };
		3276BE0C150BBA77001F2A88 /* RatingStarEmpty@2x.png in Resources */ = {isa = PBXBuildFile; fileRef = 3276BE0A150BBA77001F2A88 /* RatingStarEmpty@2x.png */; };
		3276BE10150BBEE9001F2A88 /* RatingPoint.png in Resources */ = {isa = PBXBuildFile; fileRef = 3276BE0E150BBEE9001F2A88 /* RatingPoint.png */; };
		3276BE11150BBEE9001F2A88 /* RatingPoint@2x.png in Resources */ = {isa = PBXBuildFile; fileRef = 3276BE0F150BBEE9001F2A88 /* RatingPoint@2x.png */; };
		328869AC14FE5AF400CC97DB /* AppDelegate.m in Sources */ = {isa = PBXBuildFile; fileRef = 3288699214FE5AF300CC97DB /* AppDelegate.m */; };
		328869BD14FE6EBA00CC97DB /* HomeViewController.m in Sources */ = {isa = PBXBuildFile; fileRef = 328869BC14FE6EBA00CC97DB /* HomeViewController.m */; };
		3289D28A15094739008DD299 /* Directory.png in Resources */ = {isa = PBXBuildFile; fileRef = 3289D28815094739008DD299 /* Directory.png */; };
		3289D28B15094739008DD299 /* Directory@2x.png in Resources */ = {isa = PBXBuildFile; fileRef = 3289D28915094739008DD299 /* Directory@2x.png */; };
		3289D28E1509474A008DD299 /* Food.png in Resources */ = {isa = PBXBuildFile; fileRef = 3289D28C1509474A008DD299 /* Food.png */; };
		3289D28F1509474A008DD299 /* Food@2x.png in Resources */ = {isa = PBXBuildFile; fileRef = 3289D28D1509474A008DD299 /* Food@2x.png */; };
		328B9ED0150B705200B50024 /* MenusListView.xib in Resources */ = {isa = PBXBuildFile; fileRef = 328B9ECF150B705200B50024 /* MenusListView.xib */; };
		328B9ED3150B77DD00B50024 /* MenusListViewController.m in Sources */ = {isa = PBXBuildFile; fileRef = 328B9ED2150B77DD00B50024 /* MenusListViewController.m */; };
		328B9EDE150B7DDE00B50024 /* MealCell.m in Sources */ = {isa = PBXBuildFile; fileRef = 328B9EDD150B7DDE00B50024 /* MealCell.m */; };
		328B9EED150B8E7B00B50024 /* JSFavStarControl.m in Sources */ = {isa = PBXBuildFile; fileRef = 328B9EEC150B8E7B00B50024 /* JSFavStarControl.m */; };
		328B9EF4150B927500B50024 /* RatingStar.png in Resources */ = {isa = PBXBuildFile; fileRef = 328B9EF2150B927500B50024 /* RatingStar.png */; };
		328B9EF5150B927500B50024 /* RatingStar@2x.png in Resources */ = {isa = PBXBuildFile; fileRef = 328B9EF3150B927500B50024 /* RatingStar@2x.png */; };
		328B9EFD150BA23D00B50024 /* PCValues.m in Sources */ = {isa = PBXBuildFile; fileRef = 328B9EFC150BA23D00B50024 /* PCValues.m */; };
		3296570B14FF9DDB00C44C12 /* PocketCampus.strings in Resources */ = {isa = PBXBuildFile; fileRef = 3296570914FF9DDB00C44C12 /* PocketCampus.strings */; };
		32C739F9150158B900455CF0 /* SettingsToolbar.png in Resources */ = {isa = PBXBuildFile; fileRef = 32C739F8150158B900455CF0 /* SettingsToolbar.png */; };
		32C739FB1501590600455CF0 /* SettingsToolbar@2x.png in Resources */ = {isa = PBXBuildFile; fileRef = 32C739FA1501590600455CF0 /* SettingsToolbar@2x.png */; };
		32DE61F7150A1D2A00A4AB6E /* FoodLarge.png in Resources */ = {isa = PBXBuildFile; fileRef = 32DE61F6150A1D2A00A4AB6E /* FoodLarge.png */; };
		32EF43881501260100899B86 /* HomeView.xib in Resources */ = {isa = PBXBuildFile; fileRef = 32EF43871501260100899B86 /* HomeView.xib */; };
		32EF438B1501272B00899B86 /* HomeIcon.m in Sources */ = {isa = PBXBuildFile; fileRef = 32EF438A1501272B00899B86 /* HomeIcon.m */; };
		32FAC0F51500F40700925180 /* DirectoryController.m in Sources */ = {isa = PBXBuildFile; fileRef = 32FAC0E31500F40700925180 /* DirectoryController.m */; };
		32FAC0F61500F40700925180 /* DirectorySearchViewController.m in Sources */ = {isa = PBXBuildFile; fileRef = 32FAC0E51500F40700925180 /* DirectorySearchViewController.m */; };
		32FAC0F81500F40700925180 /* DirectoryPlugin.strings in Resources */ = {isa = PBXBuildFile; fileRef = 32FAC0E81500F40700925180 /* DirectoryPlugin.strings */; };
		32FAC0F91500F40700925180 /* DirectoryService.m in Sources */ = {isa = PBXBuildFile; fileRef = 32FAC0ED1500F40700925180 /* DirectoryService.m */; };
		32FAC0FA1500F40700925180 /* directory.m in Sources */ = {isa = PBXBuildFile; fileRef = 32FAC0F01500F40700925180 /* directory.m */; };
		32FAC0FD1500F40700925180 /* DirectorySearchView.xib in Resources */ = {isa = PBXBuildFile; fileRef = 32FAC0F41500F40700925180 /* DirectorySearchView.xib */; };
		32FAC1061500FE9F00925180 /* MainController.m in Sources */ = {isa = PBXBuildFile; fileRef = 32FAC1051500FE9F00925180 /* MainController.m */; };
		32FB2E0915179014007AE82B /* TransportPlugin.strings in Resources */ = {isa = PBXBuildFile; fileRef = 32FB2DFE15179014007AE82B /* TransportPlugin.strings */; };
		32FB2E0A15179014007AE82B /* transport.m in Sources */ = {isa = PBXBuildFile; fileRef = 32FB2E0415179014007AE82B /* transport.m */; };
		32FB2E0B15179014007AE82B /* TransportService.m in Sources */ = {isa = PBXBuildFile; fileRef = 32FB2E0615179014007AE82B /* TransportService.m */; };
/* End PBXBuildFile section */

/* Begin PBXFileReference section */
		32015036150401E000FF87B6 /* DirectoryLarge.png */ = {isa = PBXFileReference; lastKnownFileType = image.png; path = DirectoryLarge.png; sourceTree = "<group>"; };
		3203ECD31503C01E004C2A13 /* LoadingIndicator.png */ = {isa = PBXFileReference; lastKnownFileType = image.png; path = LoadingIndicator.png; sourceTree = "<group>"; };
		320AAC7414FD481E00F71CD7 /* Config.plist */ = {isa = PBXFileReference; fileEncoding = 4; lastKnownFileType = text.plist.xml; path = Config.plist; sourceTree = "<group>"; };
		32102B6415050B9D0076537E /* food.h */ = {isa = PBXFileReference; fileEncoding = 4; lastKnownFileType = sourcecode.c.h; path = food.h; sourceTree = "<group>"; };
		32102B6515050B9D0076537E /* food.m */ = {isa = PBXFileReference; fileEncoding = 4; lastKnownFileType = sourcecode.c.objc; path = food.m; sourceTree = "<group>"; };
		32102B6715050BB50076537E /* common.h */ = {isa = PBXFileReference; fileEncoding = 4; lastKnownFileType = sourcecode.c.h; path = common.h; sourceTree = "<group>"; };
		32102B6815050BB50076537E /* common.m */ = {isa = PBXFileReference; fileEncoding = 4; lastKnownFileType = sourcecode.c.objc; path = common.m; sourceTree = "<group>"; };
		32102B6A15050C000076537E /* FoodService.h */ = {isa = PBXFileReference; fileEncoding = 4; lastKnownFileType = sourcecode.c.h; path = FoodService.h; sourceTree = "<group>"; };
		32102B6B15050C000076537E /* FoodService.m */ = {isa = PBXFileReference; fileEncoding = 4; lastKnownFileType = sourcecode.c.objc; path = FoodService.m; sourceTree = "<group>"; };
		3217CE081508E31200BF94F7 /* FoodController.h */ = {isa = PBXFileReference; fileEncoding = 4; lastKnownFileType = sourcecode.c.h; path = FoodController.h; sourceTree = "<group>"; };
		3217CE091508E31200BF94F7 /* FoodController.m */ = {isa = PBXFileReference; fileEncoding = 4; lastKnownFileType = sourcecode.c.objc; path = FoodController.m; sourceTree = "<group>"; };
		3217CE0B1508EB4D00BF94F7 /* RestaurantsListView.xib */ = {isa = PBXFileReference; fileEncoding = 4; lastKnownFileType = file.xib; path = RestaurantsListView.xib; sourceTree = "<group>"; };
		3217CE0D1508F92700BF94F7 /* RestaurantsListViewController.h */ = {isa = PBXFileReference; fileEncoding = 4; lastKnownFileType = sourcecode.c.h; path = RestaurantsListViewController.h; sourceTree = "<group>"; };
		3217CE0E1508F92700BF94F7 /* RestaurantsListViewController.m */ = {isa = PBXFileReference; fileEncoding = 4; lastKnownFileType = sourcecode.c.objc; path = RestaurantsListViewController.m; sourceTree = "<group>"; };
		3219EF4C14FCDE4900A271CD /* PocketCampus.app */ = {isa = PBXFileReference; explicitFileType = wrapper.application; includeInIndex = 0; path = PocketCampus.app; sourceTree = BUILT_PRODUCTS_DIR; };
		3219EF5014FCDE4900A271CD /* UIKit.framework */ = {isa = PBXFileReference; lastKnownFileType = wrapper.framework; name = UIKit.framework; path = System/Library/Frameworks/UIKit.framework; sourceTree = SDKROOT; };
		3219EF5214FCDE4900A271CD /* Foundation.framework */ = {isa = PBXFileReference; lastKnownFileType = wrapper.framework; name = Foundation.framework; path = System/Library/Frameworks/Foundation.framework; sourceTree = SDKROOT; };
		3219EF5414FCDE4900A271CD /* CoreGraphics.framework */ = {isa = PBXFileReference; lastKnownFileType = wrapper.framework; name = CoreGraphics.framework; path = System/Library/Frameworks/CoreGraphics.framework; sourceTree = SDKROOT; };
		3219EF5814FCDE4900A271CD /* PocketCampus-Info.plist */ = {isa = PBXFileReference; lastKnownFileType = text.plist.xml; path = "PocketCampus-Info.plist"; sourceTree = "<group>"; };
		3219EF5C14FCDE4900A271CD /* main.m */ = {isa = PBXFileReference; lastKnownFileType = sourcecode.c.objc; path = main.m; sourceTree = "<group>"; };
		3219EF5E14FCDE4900A271CD /* PocketCampus-Prefix.pch */ = {isa = PBXFileReference; lastKnownFileType = sourcecode.c.h; path = "PocketCampus-Prefix.pch"; sourceTree = "<group>"; };
		3219EF6A14FCE08300A271CD /* TBinaryProtocol.h */ = {isa = PBXFileReference; fileEncoding = 4; lastKnownFileType = sourcecode.c.h; path = TBinaryProtocol.h; sourceTree = "<group>"; };
		3219EF6B14FCE08300A271CD /* TBinaryProtocol.m */ = {isa = PBXFileReference; fileEncoding = 4; lastKnownFileType = sourcecode.c.objc; path = TBinaryProtocol.m; sourceTree = "<group>"; };
		3219EF6C14FCE08300A271CD /* TProtocol.h */ = {isa = PBXFileReference; fileEncoding = 4; lastKnownFileType = sourcecode.c.h; path = TProtocol.h; sourceTree = "<group>"; };
		3219EF6D14FCE08300A271CD /* TProtocolException.h */ = {isa = PBXFileReference; fileEncoding = 4; lastKnownFileType = sourcecode.c.h; path = TProtocolException.h; sourceTree = "<group>"; };
		3219EF6E14FCE08300A271CD /* TProtocolException.m */ = {isa = PBXFileReference; fileEncoding = 4; lastKnownFileType = sourcecode.c.objc; path = TProtocolException.m; sourceTree = "<group>"; };
		3219EF6F14FCE08300A271CD /* TProtocolFactory.h */ = {isa = PBXFileReference; fileEncoding = 4; lastKnownFileType = sourcecode.c.h; path = TProtocolFactory.h; sourceTree = "<group>"; };
		3219EF7014FCE08300A271CD /* TProtocolUtil.h */ = {isa = PBXFileReference; fileEncoding = 4; lastKnownFileType = sourcecode.c.h; path = TProtocolUtil.h; sourceTree = "<group>"; };
		3219EF7114FCE08300A271CD /* TProtocolUtil.m */ = {isa = PBXFileReference; fileEncoding = 4; lastKnownFileType = sourcecode.c.objc; path = TProtocolUtil.m; sourceTree = "<group>"; };
		3219EF7314FCE08300A271CD /* TSocketServer.h */ = {isa = PBXFileReference; fileEncoding = 4; lastKnownFileType = sourcecode.c.h; path = TSocketServer.h; sourceTree = "<group>"; };
		3219EF7414FCE08300A271CD /* TSocketServer.m */ = {isa = PBXFileReference; fileEncoding = 4; lastKnownFileType = sourcecode.c.objc; path = TSocketServer.m; sourceTree = "<group>"; };
		3219EF7514FCE08300A271CD /* TApplicationException.h */ = {isa = PBXFileReference; fileEncoding = 4; lastKnownFileType = sourcecode.c.h; path = TApplicationException.h; sourceTree = "<group>"; };
		3219EF7614FCE08300A271CD /* TApplicationException.m */ = {isa = PBXFileReference; fileEncoding = 4; lastKnownFileType = sourcecode.c.objc; path = TApplicationException.m; sourceTree = "<group>"; };
		3219EF7714FCE08300A271CD /* TException.h */ = {isa = PBXFileReference; fileEncoding = 4; lastKnownFileType = sourcecode.c.h; path = TException.h; sourceTree = "<group>"; };
		3219EF7814FCE08300A271CD /* TException.m */ = {isa = PBXFileReference; fileEncoding = 4; lastKnownFileType = sourcecode.c.objc; path = TException.m; sourceTree = "<group>"; };
		3219EF7914FCE08300A271CD /* ThriftFramework-Prefix.pch */ = {isa = PBXFileReference; fileEncoding = 4; lastKnownFileType = sourcecode.c.h; path = "ThriftFramework-Prefix.pch"; sourceTree = "<group>"; };
		3219EF7A14FCE08300A271CD /* TProcessor.h */ = {isa = PBXFileReference; fileEncoding = 4; lastKnownFileType = sourcecode.c.h; path = TProcessor.h; sourceTree = "<group>"; };
		3219EF7B14FCE08300A271CD /* TProcessorFactory.h */ = {isa = PBXFileReference; fileEncoding = 4; lastKnownFileType = sourcecode.c.h; path = TProcessorFactory.h; sourceTree = "<group>"; };
		3219EF7D14FCE08300A271CD /* THTTPClient.h */ = {isa = PBXFileReference; fileEncoding = 4; lastKnownFileType = sourcecode.c.h; path = THTTPClient.h; sourceTree = "<group>"; };
		3219EF7E14FCE08300A271CD /* THTTPClient.m */ = {isa = PBXFileReference; fileEncoding = 4; lastKnownFileType = sourcecode.c.objc; path = THTTPClient.m; sourceTree = "<group>"; };
		3219EF7F14FCE08300A271CD /* TMemoryBuffer.h */ = {isa = PBXFileReference; fileEncoding = 4; lastKnownFileType = sourcecode.c.h; path = TMemoryBuffer.h; sourceTree = "<group>"; };
		3219EF8014FCE08300A271CD /* TMemoryBuffer.m */ = {isa = PBXFileReference; fileEncoding = 4; lastKnownFileType = sourcecode.c.objc; path = TMemoryBuffer.m; sourceTree = "<group>"; };
		3219EF8114FCE08300A271CD /* TNSFileHandleTransport.h */ = {isa = PBXFileReference; fileEncoding = 4; lastKnownFileType = sourcecode.c.h; path = TNSFileHandleTransport.h; sourceTree = "<group>"; };
		3219EF8214FCE08300A271CD /* TNSFileHandleTransport.m */ = {isa = PBXFileReference; fileEncoding = 4; lastKnownFileType = sourcecode.c.objc; path = TNSFileHandleTransport.m; sourceTree = "<group>"; };
		3219EF8314FCE08300A271CD /* TNSStreamTransport.h */ = {isa = PBXFileReference; fileEncoding = 4; lastKnownFileType = sourcecode.c.h; path = TNSStreamTransport.h; sourceTree = "<group>"; };
		3219EF8414FCE08300A271CD /* TNSStreamTransport.m */ = {isa = PBXFileReference; fileEncoding = 4; lastKnownFileType = sourcecode.c.objc; path = TNSStreamTransport.m; sourceTree = "<group>"; };
		3219EF8514FCE08300A271CD /* TSocketClient.h */ = {isa = PBXFileReference; fileEncoding = 4; lastKnownFileType = sourcecode.c.h; path = TSocketClient.h; sourceTree = "<group>"; };
		3219EF8614FCE08300A271CD /* TSocketClient.m */ = {isa = PBXFileReference; fileEncoding = 4; lastKnownFileType = sourcecode.c.objc; path = TSocketClient.m; sourceTree = "<group>"; };
		3219EF8714FCE08300A271CD /* TTransport.h */ = {isa = PBXFileReference; fileEncoding = 4; lastKnownFileType = sourcecode.c.h; path = TTransport.h; sourceTree = "<group>"; };
		3219EF8814FCE08300A271CD /* TTransportException.h */ = {isa = PBXFileReference; fileEncoding = 4; lastKnownFileType = sourcecode.c.h; path = TTransportException.h; sourceTree = "<group>"; };
		3219EF8914FCE08300A271CD /* TTransportException.m */ = {isa = PBXFileReference; fileEncoding = 4; lastKnownFileType = sourcecode.c.objc; path = TTransportException.m; sourceTree = "<group>"; };
		3219EF8A14FCE08300A271CD /* TSharedProcessorFactory.h */ = {isa = PBXFileReference; fileEncoding = 4; lastKnownFileType = sourcecode.c.h; path = TSharedProcessorFactory.h; sourceTree = "<group>"; };
		3219EF8B14FCE08300A271CD /* TSharedProcessorFactory.m */ = {isa = PBXFileReference; fileEncoding = 4; lastKnownFileType = sourcecode.c.objc; path = TSharedProcessorFactory.m; sourceTree = "<group>"; };
		3242DE1C150571580082D720 /* Service_old.h */ = {isa = PBXFileReference; fileEncoding = 4; lastKnownFileType = sourcecode.c.h; path = Service_old.h; sourceTree = "<group>"; };
		3242DE1D150571580082D720 /* Service_old.m */ = {isa = PBXFileReference; fileEncoding = 4; lastKnownFileType = sourcecode.c.objc; path = Service_old.m; sourceTree = "<group>"; };
		324715AC15001381007C230C /* Service.h */ = {isa = PBXFileReference; fileEncoding = 4; lastKnownFileType = sourcecode.c.h; path = Service.h; sourceTree = "<group>"; };
		324715AD15001381007C230C /* Service.m */ = {isa = PBXFileReference; fileEncoding = 4; lastKnownFileType = sourcecode.c.objc; path = Service.m; sourceTree = "<group>"; };
		3247C3B11504F2E10079522A /* en */ = {isa = PBXFileReference; lastKnownFileType = text.plist.strings; name = en; path = en.lproj/FoodPlugin.strings; sourceTree = "<group>"; };
		3247C3B21504F2E10079522A /* fr */ = {isa = PBXFileReference; lastKnownFileType = text.plist.strings; name = fr; path = fr.lproj/FoodPlugin.strings; sourceTree = "<group>"; };
		3247CAF615135FD800105A71 /* PCTableViewSectionHeader.h */ = {isa = PBXFileReference; fileEncoding = 4; lastKnownFileType = sourcecode.c.h; path = PCTableViewSectionHeader.h; sourceTree = "<group>"; };
		3247CAF715135FD800105A71 /* PCTableViewSectionHeader.m */ = {isa = PBXFileReference; fileEncoding = 4; lastKnownFileType = sourcecode.c.objc; path = PCTableViewSectionHeader.m; sourceTree = "<group>"; };
		32663946150C00E100719F6E /* NSString+MD5Addition.h */ = {isa = PBXFileReference; fileEncoding = 4; lastKnownFileType = sourcecode.c.h; path = "NSString+MD5Addition.h"; sourceTree = "<group>"; };
		32663947150C00E100719F6E /* NSString+MD5Addition.m */ = {isa = PBXFileReference; fileEncoding = 4; lastKnownFileType = sourcecode.c.objc; path = "NSString+MD5Addition.m"; sourceTree = "<group>"; };
		32663948150C00E100719F6E /* UIDevice+IdentifierAddition.h */ = {isa = PBXFileReference; fileEncoding = 4; lastKnownFileType = sourcecode.c.h; path = "UIDevice+IdentifierAddition.h"; sourceTree = "<group>"; };
		32663949150C00E100719F6E /* UIDevice+IdentifierAddition.m */ = {isa = PBXFileReference; fileEncoding = 4; lastKnownFileType = sourcecode.c.objc; path = "UIDevice+IdentifierAddition.m"; sourceTree = "<group>"; };
		326B924615022C8A00DB4AEE /* HomeNavbar@2x.png */ = {isa = PBXFileReference; lastKnownFileType = image.png; path = "HomeNavbar@2x.png"; sourceTree = "<group>"; };
		326B924915022D6700DB4AEE /* HomeNavbar.png */ = {isa = PBXFileReference; lastKnownFileType = image.png; path = HomeNavbar.png; sourceTree = "<group>"; };
		326B924F150279E900DB4AEE /* AddressBookUI.framework */ = {isa = PBXFileReference; lastKnownFileType = wrapper.framework; name = AddressBookUI.framework; path = System/Library/Frameworks/AddressBookUI.framework; sourceTree = SDKROOT; };
		326B925115027A1400DB4AEE /* AddressBook.framework */ = {isa = PBXFileReference; lastKnownFileType = wrapper.framework; name = AddressBook.framework; path = System/Library/Frameworks/AddressBook.framework; sourceTree = SDKROOT; };
		32704C65150016B3002BCB75 /* PluginController.h */ = {isa = PBXFileReference; fileEncoding = 4; lastKnownFileType = sourcecode.c.h; path = PluginController.h; sourceTree = "<group>"; };
		32704C66150016B3002BCB75 /* PluginController.m */ = {isa = PBXFileReference; fileEncoding = 4; lastKnownFileType = sourcecode.c.objc; path = PluginController.m; sourceTree = "<group>"; };
		32704C7B15002F67002BCB75 /* Plugins.plist */ = {isa = PBXFileReference; fileEncoding = 4; lastKnownFileType = text.plist.xml; path = Plugins.plist; sourceTree = "<group>"; };
		3276BE09150BBA77001F2A88 /* RatingStarEmpty.png */ = {isa = PBXFileReference; lastKnownFileType = image.png; path = RatingStarEmpty.png; sourceTree = "<group>"; };
		3276BE0A150BBA77001F2A88 /* RatingStarEmpty@2x.png */ = {isa = PBXFileReference; lastKnownFileType = image.png; path = "RatingStarEmpty@2x.png"; sourceTree = "<group>"; };
		3276BE0E150BBEE9001F2A88 /* RatingPoint.png */ = {isa = PBXFileReference; lastKnownFileType = image.png; path = RatingPoint.png; sourceTree = "<group>"; };
		3276BE0F150BBEE9001F2A88 /* RatingPoint@2x.png */ = {isa = PBXFileReference; lastKnownFileType = image.png; path = "RatingPoint@2x.png"; sourceTree = "<group>"; };
		3288699114FE5AF300CC97DB /* AppDelegate.h */ = {isa = PBXFileReference; fileEncoding = 4; lastKnownFileType = sourcecode.c.h; path = AppDelegate.h; sourceTree = "<group>"; };
		3288699214FE5AF300CC97DB /* AppDelegate.m */ = {isa = PBXFileReference; fileEncoding = 4; lastKnownFileType = sourcecode.c.objc; path = AppDelegate.m; sourceTree = "<group>"; };
		328869BB14FE6EBA00CC97DB /* HomeViewController.h */ = {isa = PBXFileReference; fileEncoding = 4; lastKnownFileType = sourcecode.c.h; path = HomeViewController.h; sourceTree = "<group>"; };
		328869BC14FE6EBA00CC97DB /* HomeViewController.m */ = {isa = PBXFileReference; fileEncoding = 4; lastKnownFileType = sourcecode.c.objc; path = HomeViewController.m; sourceTree = "<group>"; };
		3289D28815094739008DD299 /* Directory.png */ = {isa = PBXFileReference; lastKnownFileType = image.png; path = Directory.png; sourceTree = "<group>"; };
		3289D28915094739008DD299 /* Directory@2x.png */ = {isa = PBXFileReference; lastKnownFileType = image.png; path = "Directory@2x.png"; sourceTree = "<group>"; };
		3289D28C1509474A008DD299 /* Food.png */ = {isa = PBXFileReference; lastKnownFileType = image.png; path = Food.png; sourceTree = "<group>"; };
		3289D28D1509474A008DD299 /* Food@2x.png */ = {isa = PBXFileReference; lastKnownFileType = image.png; path = "Food@2x.png"; sourceTree = "<group>"; };
		328B9ECF150B705200B50024 /* MenusListView.xib */ = {isa = PBXFileReference; fileEncoding = 4; lastKnownFileType = file.xib; path = MenusListView.xib; sourceTree = "<group>"; };
		328B9ED1150B77DD00B50024 /* MenusListViewController.h */ = {isa = PBXFileReference; fileEncoding = 4; lastKnownFileType = sourcecode.c.h; path = MenusListViewController.h; sourceTree = "<group>"; };
		328B9ED2150B77DD00B50024 /* MenusListViewController.m */ = {isa = PBXFileReference; fileEncoding = 4; lastKnownFileType = sourcecode.c.objc; path = MenusListViewController.m; sourceTree = "<group>"; };
		328B9EDC150B7DDE00B50024 /* MealCell.h */ = {isa = PBXFileReference; fileEncoding = 4; lastKnownFileType = sourcecode.c.h; path = MealCell.h; sourceTree = "<group>"; };
		328B9EDD150B7DDE00B50024 /* MealCell.m */ = {isa = PBXFileReference; fileEncoding = 4; lastKnownFileType = sourcecode.c.objc; path = MealCell.m; sourceTree = "<group>"; };
		328B9EEB150B8E7A00B50024 /* JSFavStarControl.h */ = {isa = PBXFileReference; fileEncoding = 4; lastKnownFileType = sourcecode.c.h; path = JSFavStarControl.h; sourceTree = "<group>"; };
		328B9EEC150B8E7B00B50024 /* JSFavStarControl.m */ = {isa = PBXFileReference; fileEncoding = 4; lastKnownFileType = sourcecode.c.objc; path = JSFavStarControl.m; sourceTree = "<group>"; };
		328B9EF2150B927500B50024 /* RatingStar.png */ = {isa = PBXFileReference; lastKnownFileType = image.png; path = RatingStar.png; sourceTree = "<group>"; };
		328B9EF3150B927500B50024 /* RatingStar@2x.png */ = {isa = PBXFileReference; lastKnownFileType = image.png; path = "RatingStar@2x.png"; sourceTree = "<group>"; };
		328B9EFB150BA23D00B50024 /* PCValues.h */ = {isa = PBXFileReference; fileEncoding = 4; lastKnownFileType = sourcecode.c.h; path = PCValues.h; sourceTree = "<group>"; };
		328B9EFC150BA23D00B50024 /* PCValues.m */ = {isa = PBXFileReference; fileEncoding = 4; lastKnownFileType = sourcecode.c.objc; path = PCValues.m; sourceTree = "<group>"; };
		3296570A14FF9DDB00C44C12 /* fr */ = {isa = PBXFileReference; lastKnownFileType = text.plist.strings; name = fr; path = fr.lproj/PocketCampus.strings; sourceTree = "<group>"; };
		3296570C14FF9DE300C44C12 /* en */ = {isa = PBXFileReference; lastKnownFileType = text.plist.strings; name = en; path = en.lproj/PocketCampus.strings; sourceTree = "<group>"; };
		32C739F8150158B900455CF0 /* SettingsToolbar.png */ = {isa = PBXFileReference; lastKnownFileType = image.png; path = SettingsToolbar.png; sourceTree = "<group>"; };
		32C739FA1501590600455CF0 /* SettingsToolbar@2x.png */ = {isa = PBXFileReference; lastKnownFileType = image.png; path = "SettingsToolbar@2x.png"; sourceTree = "<group>"; };
		32DE61F6150A1D2A00A4AB6E /* FoodLarge.png */ = {isa = PBXFileReference; lastKnownFileType = image.png; path = FoodLarge.png; sourceTree = "<group>"; };
		32EF43871501260100899B86 /* HomeView.xib */ = {isa = PBXFileReference; fileEncoding = 4; lastKnownFileType = file.xib; path = HomeView.xib; sourceTree = "<group>"; };
		32EF43891501272B00899B86 /* HomeIcon.h */ = {isa = PBXFileReference; fileEncoding = 4; lastKnownFileType = sourcecode.c.h; path = HomeIcon.h; sourceTree = "<group>"; };
		32EF438A1501272B00899B86 /* HomeIcon.m */ = {isa = PBXFileReference; fileEncoding = 4; lastKnownFileType = sourcecode.c.objc; path = HomeIcon.m; sourceTree = "<group>"; };
		32FAC0E21500F40700925180 /* DirectoryController.h */ = {isa = PBXFileReference; fileEncoding = 4; lastKnownFileType = sourcecode.c.h; path = DirectoryController.h; sourceTree = "<group>"; };
		32FAC0E31500F40700925180 /* DirectoryController.m */ = {isa = PBXFileReference; fileEncoding = 4; lastKnownFileType = sourcecode.c.objc; path = DirectoryController.m; sourceTree = "<group>"; };
		32FAC0E41500F40700925180 /* DirectorySearchViewController.h */ = {isa = PBXFileReference; fileEncoding = 4; lastKnownFileType = sourcecode.c.h; path = DirectorySearchViewController.h; sourceTree = "<group>"; };
		32FAC0E51500F40700925180 /* DirectorySearchViewController.m */ = {isa = PBXFileReference; fileEncoding = 4; lastKnownFileType = sourcecode.c.objc; path = DirectorySearchViewController.m; sourceTree = "<group>"; };
		32FAC0E91500F40700925180 /* en */ = {isa = PBXFileReference; lastKnownFileType = text.plist.strings; name = en; path = en.lproj/DirectoryPlugin.strings; sourceTree = "<group>"; };
		32FAC0EA1500F40700925180 /* fr */ = {isa = PBXFileReference; lastKnownFileType = text.plist.strings; name = fr; path = fr.lproj/DirectoryPlugin.strings; sourceTree = "<group>"; };
		32FAC0EC1500F40700925180 /* DirectoryService.h */ = {isa = PBXFileReference; fileEncoding = 4; lastKnownFileType = sourcecode.c.h; path = DirectoryService.h; sourceTree = "<group>"; };
		32FAC0ED1500F40700925180 /* DirectoryService.m */ = {isa = PBXFileReference; fileEncoding = 4; lastKnownFileType = sourcecode.c.objc; path = DirectoryService.m; sourceTree = "<group>"; };
		32FAC0EF1500F40700925180 /* directory.h */ = {isa = PBXFileReference; fileEncoding = 4; lastKnownFileType = sourcecode.c.h; path = directory.h; sourceTree = "<group>"; };
		32FAC0F01500F40700925180 /* directory.m */ = {isa = PBXFileReference; fileEncoding = 4; lastKnownFileType = sourcecode.c.objc; path = directory.m; sourceTree = "<group>"; };
		32FAC0F41500F40700925180 /* DirectorySearchView.xib */ = {isa = PBXFileReference; fileEncoding = 4; lastKnownFileType = file.xib; path = DirectorySearchView.xib; sourceTree = "<group>"; };
		32FAC1041500FE9F00925180 /* MainController.h */ = {isa = PBXFileReference; fileEncoding = 4; lastKnownFileType = sourcecode.c.h; path = MainController.h; sourceTree = "<group>"; };
		32FAC1051500FE9F00925180 /* MainController.m */ = {isa = PBXFileReference; fileEncoding = 4; lastKnownFileType = sourcecode.c.objc; path = MainController.m; sourceTree = "<group>"; };
		32FB2DFF15179014007AE82B /* en */ = {isa = PBXFileReference; lastKnownFileType = text.plist.strings; name = en; path = en.lproj/TransportPlugin.strings; sourceTree = "<group>"; };
		32FB2E0015179014007AE82B /* fr */ = {isa = PBXFileReference; lastKnownFileType = text.plist.strings; name = fr; path = fr.lproj/TransportPlugin.strings; sourceTree = "<group>"; };
		32FB2E0315179014007AE82B /* transport.h */ = {isa = PBXFileReference; fileEncoding = 4; lastKnownFileType = sourcecode.c.h; path = transport.h; sourceTree = "<group>"; };
		32FB2E0415179014007AE82B /* transport.m */ = {isa = PBXFileReference; fileEncoding = 4; lastKnownFileType = sourcecode.c.objc; path = transport.m; sourceTree = "<group>"; };
		32FB2E0515179014007AE82B /* TransportService.h */ = {isa = PBXFileReference; fileEncoding = 4; lastKnownFileType = sourcecode.c.h; path = TransportService.h; sourceTree = "<group>"; };
		32FB2E0615179014007AE82B /* TransportService.m */ = {isa = PBXFileReference; fileEncoding = 4; lastKnownFileType = sourcecode.c.objc; path = TransportService.m; sourceTree = "<group>"; };
/* End PBXFileReference section */

/* Begin PBXFrameworksBuildPhase section */
		3219EF4914FCDE4900A271CD /* Frameworks */ = {
			isa = PBXFrameworksBuildPhase;
			buildActionMask = 2147483647;
			files = (
				326B925215027A1400DB4AEE /* AddressBook.framework in Frameworks */,
				326B9250150279E900DB4AEE /* AddressBookUI.framework in Frameworks */,
				3219EF5114FCDE4900A271CD /* UIKit.framework in Frameworks */,
				3219EF5314FCDE4900A271CD /* Foundation.framework in Frameworks */,
				3219EF5514FCDE4900A271CD /* CoreGraphics.framework in Frameworks */,
			);
			runOnlyForDeploymentPostprocessing = 0;
		};
/* End PBXFrameworksBuildPhase section */

/* Begin PBXGroup section */
		3219EF4114FCDE4800A271CD = {
			isa = PBXGroup;
			children = (
				3219EF5614FCDE4900A271CD /* PocketCampus */,
				32FAC0DF1500F40700925180 /* Plugins */,
				3219EF4F14FCDE4900A271CD /* Frameworks */,
				3219EF4D14FCDE4900A271CD /* Products */,
			);
			sourceTree = "<group>";
		};
		3219EF4D14FCDE4900A271CD /* Products */ = {
			isa = PBXGroup;
			children = (
				3219EF4C14FCDE4900A271CD /* PocketCampus.app */,
			);
			name = Products;
			sourceTree = "<group>";
		};
		3219EF4F14FCDE4900A271CD /* Frameworks */ = {
			isa = PBXGroup;
			children = (
				3219EF6714FCE02F00A271CD /* ExternalFrameworks */,
				326B925115027A1400DB4AEE /* AddressBook.framework */,
				326B924F150279E900DB4AEE /* AddressBookUI.framework */,
				3219EF5014FCDE4900A271CD /* UIKit.framework */,
				3219EF5214FCDE4900A271CD /* Foundation.framework */,
				3219EF5414FCDE4900A271CD /* CoreGraphics.framework */,
			);
			name = Frameworks;
			sourceTree = "<group>";
		};
		3219EF5614FCDE4900A271CD /* PocketCampus */ = {
			isa = PBXGroup;
			children = (
				3288699014FE5AF300CC97DB /* AppDelegate */,
				3288699814FE5AF300CC97DB /* Model */,
				3288699314FE5AF300CC97DB /* Controllers */,
				328869A714FE5AF300CC97DB /* Views */,
				3219EF5714FCDE4900A271CD /* Supporting Files */,
			);
			path = PocketCampus;
			sourceTree = "<group>";
		};
		3219EF5714FCDE4900A271CD /* Supporting Files */ = {
			isa = PBXGroup;
			children = (
				3296570914FF9DDB00C44C12 /* PocketCampus.strings */,
				32704C7B15002F67002BCB75 /* Plugins.plist */,
				320AAC7414FD481E00F71CD7 /* Config.plist */,
				3219EF5814FCDE4900A271CD /* PocketCampus-Info.plist */,
				3219EF5C14FCDE4900A271CD /* main.m */,
				3219EF5E14FCDE4900A271CD /* PocketCampus-Prefix.pch */,
			);
			name = "Supporting Files";
			sourceTree = "<group>";
		};
		3219EF6714FCE02F00A271CD /* ExternalFrameworks */ = {
			isa = PBXGroup;
			children = (
				32663945150C00E100719F6E /* UIDeviceUniqueID */,
				3219EF6814FCE08300A271CD /* ThriftFramework */,
			);
			name = ExternalFrameworks;
			sourceTree = "<group>";
		};
		3219EF6814FCE08300A271CD /* ThriftFramework */ = {
			isa = PBXGroup;
			children = (
				3219EF6914FCE08300A271CD /* protocol */,
				3219EF7214FCE08300A271CD /* server */,
				3219EF7514FCE08300A271CD /* TApplicationException.h */,
				3219EF7614FCE08300A271CD /* TApplicationException.m */,
				3219EF7714FCE08300A271CD /* TException.h */,
				3219EF7814FCE08300A271CD /* TException.m */,
				3219EF7914FCE08300A271CD /* ThriftFramework-Prefix.pch */,
				3219EF7A14FCE08300A271CD /* TProcessor.h */,
				3219EF7B14FCE08300A271CD /* TProcessorFactory.h */,
				3219EF7C14FCE08300A271CD /* transport */,
				3219EF8A14FCE08300A271CD /* TSharedProcessorFactory.h */,
				3219EF8B14FCE08300A271CD /* TSharedProcessorFactory.m */,
			);
			path = ThriftFramework;
			sourceTree = "<group>";
		};
		3219EF6914FCE08300A271CD /* protocol */ = {
			isa = PBXGroup;
			children = (
				3219EF6A14FCE08300A271CD /* TBinaryProtocol.h */,
				3219EF6B14FCE08300A271CD /* TBinaryProtocol.m */,
				3219EF6C14FCE08300A271CD /* TProtocol.h */,
				3219EF6D14FCE08300A271CD /* TProtocolException.h */,
				3219EF6E14FCE08300A271CD /* TProtocolException.m */,
				3219EF6F14FCE08300A271CD /* TProtocolFactory.h */,
				3219EF7014FCE08300A271CD /* TProtocolUtil.h */,
				3219EF7114FCE08300A271CD /* TProtocolUtil.m */,
			);
			path = protocol;
			sourceTree = "<group>";
		};
		3219EF7214FCE08300A271CD /* server */ = {
			isa = PBXGroup;
			children = (
				3219EF7314FCE08300A271CD /* TSocketServer.h */,
				3219EF7414FCE08300A271CD /* TSocketServer.m */,
			);
			path = server;
			sourceTree = "<group>";
		};
		3219EF7C14FCE08300A271CD /* transport */ = {
			isa = PBXGroup;
			children = (
				3219EF7D14FCE08300A271CD /* THTTPClient.h */,
				3219EF7E14FCE08300A271CD /* THTTPClient.m */,
				3219EF7F14FCE08300A271CD /* TMemoryBuffer.h */,
				3219EF8014FCE08300A271CD /* TMemoryBuffer.m */,
				3219EF8114FCE08300A271CD /* TNSFileHandleTransport.h */,
				3219EF8214FCE08300A271CD /* TNSFileHandleTransport.m */,
				3219EF8314FCE08300A271CD /* TNSStreamTransport.h */,
				3219EF8414FCE08300A271CD /* TNSStreamTransport.m */,
				3219EF8514FCE08300A271CD /* TSocketClient.h */,
				3219EF8614FCE08300A271CD /* TSocketClient.m */,
				3219EF8714FCE08300A271CD /* TTransport.h */,
				3219EF8814FCE08300A271CD /* TTransportException.h */,
				3219EF8914FCE08300A271CD /* TTransportException.m */,
			);
			path = transport;
			sourceTree = "<group>";
		};
		324715AB15001381007C230C /* Common */ = {
			isa = PBXGroup;
			children = (
				3242DE1C150571580082D720 /* Service_old.h */,
				3242DE1D150571580082D720 /* Service_old.m */,
				324715AC15001381007C230C /* Service.h */,
				324715AD15001381007C230C /* Service.m */,
			);
			path = Common;
			sourceTree = "<group>";
		};
		324715AE15001381007C230C /* SharedThriftTypes+Services */ = {
			isa = PBXGroup;
			children = (
				32102B6715050BB50076537E /* common.h */,
				32102B6815050BB50076537E /* common.m */,
			);
			path = "SharedThriftTypes+Services";
			sourceTree = "<group>";
		};
		3247C3AE1504F2E10079522A /* FoodPlugin */ = {
			isa = PBXGroup;
			children = (
				3247C3AF1504F2E10079522A /* Controllers */,
				3247C3B31504F2E10079522A /* Model */,
				3247C3B51504F2E10079522A /* Views */,
				3247C3B91504F2F90079522A /* Supporting Files */,
			);
			path = FoodPlugin;
			sourceTree = "<group>";
		};
		3247C3AF1504F2E10079522A /* Controllers */ = {
			isa = PBXGroup;
			children = (
				3217CE081508E31200BF94F7 /* FoodController.h */,
				3217CE091508E31200BF94F7 /* FoodController.m */,
				3217CE0D1508F92700BF94F7 /* RestaurantsListViewController.h */,
				3217CE0E1508F92700BF94F7 /* RestaurantsListViewController.m */,
				328B9ED1150B77DD00B50024 /* MenusListViewController.h */,
				328B9ED2150B77DD00B50024 /* MenusListViewController.m */,
			);
			path = Controllers;
			sourceTree = "<group>";
		};
		3247C3B31504F2E10079522A /* Model */ = {
			isa = PBXGroup;
			children = (
				32102B6A15050C000076537E /* FoodService.h */,
				32102B6B15050C000076537E /* FoodService.m */,
				3247C3B41504F2E10079522A /* ThriftTypes+Services */,
			);
			path = Model;
			sourceTree = "<group>";
		};
		3247C3B41504F2E10079522A /* ThriftTypes+Services */ = {
			isa = PBXGroup;
			children = (
				32102B6415050B9D0076537E /* food.h */,
				32102B6515050B9D0076537E /* food.m */,
			);
			path = "ThriftTypes+Services";
			sourceTree = "<group>";
		};
		3247C3B51504F2E10079522A /* Views */ = {
			isa = PBXGroup;
			children = (
				3247C3B61504F2E10079522A /* Images */,
				3217CE0B1508EB4D00BF94F7 /* RestaurantsListView.xib */,
				328B9ECF150B705200B50024 /* MenusListView.xib */,
				328B9EDC150B7DDE00B50024 /* MealCell.h */,
				328B9EDD150B7DDE00B50024 /* MealCell.m */,
				328B9EEB150B8E7A00B50024 /* JSFavStarControl.h */,
				328B9EEC150B8E7B00B50024 /* JSFavStarControl.m */,
			);
			path = Views;
			sourceTree = "<group>";
		};
		3247C3B61504F2E10079522A /* Images */ = {
			isa = PBXGroup;
			children = (
				3276BE0E150BBEE9001F2A88 /* RatingPoint.png */,
				3276BE0F150BBEE9001F2A88 /* RatingPoint@2x.png */,
				3276BE09150BBA77001F2A88 /* RatingStarEmpty.png */,
				3276BE0A150BBA77001F2A88 /* RatingStarEmpty@2x.png */,
				328B9EF2150B927500B50024 /* RatingStar.png */,
				328B9EF3150B927500B50024 /* RatingStar@2x.png */,
				32DE61F6150A1D2A00A4AB6E /* FoodLarge.png */,
				3289D28C1509474A008DD299 /* Food.png */,
				3289D28D1509474A008DD299 /* Food@2x.png */,
			);
			path = Images;
			sourceTree = "<group>";
		};
		3247C3B91504F2F90079522A /* Supporting Files */ = {
			isa = PBXGroup;
			children = (
				3247C3B01504F2E10079522A /* FoodPlugin.strings */,
			);
			name = "Supporting Files";
			sourceTree = "<group>";
		};
		32663945150C00E100719F6E /* UIDeviceUniqueID */ = {
			isa = PBXGroup;
			children = (
				32663946150C00E100719F6E /* NSString+MD5Addition.h */,
				32663947150C00E100719F6E /* NSString+MD5Addition.m */,
				32663948150C00E100719F6E /* UIDevice+IdentifierAddition.h */,
				32663949150C00E100719F6E /* UIDevice+IdentifierAddition.m */,
			);
			path = UIDeviceUniqueID;
			sourceTree = "<group>";
		};
		3288699014FE5AF300CC97DB /* AppDelegate */ = {
			isa = PBXGroup;
			children = (
				3288699114FE5AF300CC97DB /* AppDelegate.h */,
				3288699214FE5AF300CC97DB /* AppDelegate.m */,
			);
			path = AppDelegate;
			sourceTree = "<group>";
		};
		3288699314FE5AF300CC97DB /* Controllers */ = {
			isa = PBXGroup;
			children = (
				32A6E25514FED6F10051736E /* Common */,
				3288699514FE5AF300CC97DB /* Main */,
			);
			path = Controllers;
			sourceTree = "<group>";
		};
		3288699514FE5AF300CC97DB /* Main */ = {
			isa = PBXGroup;
			children = (
				32FAC1041500FE9F00925180 /* MainController.h */,
				32FAC1051500FE9F00925180 /* MainController.m */,
				328869BB14FE6EBA00CC97DB /* HomeViewController.h */,
				328869BC14FE6EBA00CC97DB /* HomeViewController.m */,
			);
			path = Main;
			sourceTree = "<group>";
		};
		3288699814FE5AF300CC97DB /* Model */ = {
			isa = PBXGroup;
			children = (
				324715AB15001381007C230C /* Common */,
				324715AE15001381007C230C /* SharedThriftTypes+Services */,
			);
			path = Model;
			sourceTree = "<group>";
		};
		328869A714FE5AF300CC97DB /* Views */ = {
			isa = PBXGroup;
			children = (
				328869A814FE5AF400CC97DB /* Common */,
				328869A914FE5AF400CC97DB /* Home */,
			);
			path = Views;
			sourceTree = "<group>";
		};
		328869A814FE5AF400CC97DB /* Common */ = {
			isa = PBXGroup;
			children = (
				32C739F7150158B900455CF0 /* Images */,
				328B9EFB150BA23D00B50024 /* PCValues.h */,
				328B9EFC150BA23D00B50024 /* PCValues.m */,
				3247CAF615135FD800105A71 /* PCTableViewSectionHeader.h */,
				3247CAF715135FD800105A71 /* PCTableViewSectionHeader.m */,
			);
			path = Common;
			sourceTree = "<group>";
		};
		328869A914FE5AF400CC97DB /* Home */ = {
			isa = PBXGroup;
			children = (
				32EF43871501260100899B86 /* HomeView.xib */,
				32EF43891501272B00899B86 /* HomeIcon.h */,
				32EF438A1501272B00899B86 /* HomeIcon.m */,
			);
			path = Home;
			sourceTree = "<group>";
		};
		32A6E25514FED6F10051736E /* Common */ = {
			isa = PBXGroup;
			children = (
				32704C65150016B3002BCB75 /* PluginController.h */,
				32704C66150016B3002BCB75 /* PluginController.m */,
			);
			path = Common;
			sourceTree = "<group>";
		};
		32C739F7150158B900455CF0 /* Images */ = {
			isa = PBXGroup;
			children = (
				326B924915022D6700DB4AEE /* HomeNavbar.png */,
				326B924615022C8A00DB4AEE /* HomeNavbar@2x.png */,
				32C739F8150158B900455CF0 /* SettingsToolbar.png */,
				32C739FA1501590600455CF0 /* SettingsToolbar@2x.png */,
			);
			path = Images;
			sourceTree = "<group>";
		};
		32FAC0DF1500F40700925180 /* Plugins */ = {
			isa = PBXGroup;
			children = (
				32FAC0E01500F40700925180 /* DirectoryPlugin */,
				3247C3AE1504F2E10079522A /* FoodPlugin */,
				32FB2DFC15179014007AE82B /* TransportPlugin */,
			);
			path = Plugins;
			sourceTree = "<group>";
		};
		32FAC0E01500F40700925180 /* DirectoryPlugin */ = {
			isa = PBXGroup;
			children = (
				32FAC0E11500F40700925180 /* Controllers */,
				32FAC0EB1500F40700925180 /* Model */,
				32FAC0F11500F40700925180 /* Views */,
				32FAC0FE1500F42100925180 /* Supporting Files */,
			);
			path = DirectoryPlugin;
			sourceTree = "<group>";
		};
		32FAC0E11500F40700925180 /* Controllers */ = {
			isa = PBXGroup;
			children = (
				32FAC0E21500F40700925180 /* DirectoryController.h */,
				32FAC0E31500F40700925180 /* DirectoryController.m */,
				32FAC0E41500F40700925180 /* DirectorySearchViewController.h */,
				32FAC0E51500F40700925180 /* DirectorySearchViewController.m */,
			);
			path = Controllers;
			sourceTree = "<group>";
		};
		32FAC0EB1500F40700925180 /* Model */ = {
			isa = PBXGroup;
			children = (
				32FAC0EC1500F40700925180 /* DirectoryService.h */,
				32FAC0ED1500F40700925180 /* DirectoryService.m */,
				32FAC0EE1500F40700925180 /* ThriftTypes+Services */,
			);
			path = Model;
			sourceTree = "<group>";
		};
		32FAC0EE1500F40700925180 /* ThriftTypes+Services */ = {
			isa = PBXGroup;
			children = (
				32FAC0EF1500F40700925180 /* directory.h */,
				32FAC0F01500F40700925180 /* directory.m */,
			);
			path = "ThriftTypes+Services";
			sourceTree = "<group>";
		};
		32FAC0F11500F40700925180 /* Views */ = {
			isa = PBXGroup;
			children = (
				32FAC0FF1500F4F100925180 /* Images */,
				32FAC0F41500F40700925180 /* DirectorySearchView.xib */,
			);
			path = Views;
			sourceTree = "<group>";
		};
		32FAC0FE1500F42100925180 /* Supporting Files */ = {
			isa = PBXGroup;
			children = (
				32FAC0E81500F40700925180 /* DirectoryPlugin.strings */,
			);
			name = "Supporting Files";
			sourceTree = "<group>";
		};
		32FAC0FF1500F4F100925180 /* Images */ = {
			isa = PBXGroup;
			children = (
				3289D28815094739008DD299 /* Directory.png */,
				3289D28915094739008DD299 /* Directory@2x.png */,
				3203ECD31503C01E004C2A13 /* LoadingIndicator.png */,
				32015036150401E000FF87B6 /* DirectoryLarge.png */,
			);
			path = Images;
			sourceTree = "<group>";
		};
		32FB2DFC15179014007AE82B /* TransportPlugin */ = {
			isa = PBXGroup;
			children = (
				32FB2DFD15179014007AE82B /* Controllers */,
				32FB2E0115179014007AE82B /* Model */,
				32FB2E0715179014007AE82B /* Views */,
				32FB2E0C1517901D007AE82B /* Supporting Files */,
			);
			path = TransportPlugin;
			sourceTree = "<group>";
		};
		32FB2DFD15179014007AE82B /* Controllers */ = {
			isa = PBXGroup;
			children = (
			);
			path = Controllers;
			sourceTree = "<group>";
		};
		32FB2E0115179014007AE82B /* Model */ = {
			isa = PBXGroup;
			children = (
				32FB2E0515179014007AE82B /* TransportService.h */,
				32FB2E0615179014007AE82B /* TransportService.m */,
				32FB2E0215179014007AE82B /* ThriftTypes+Services */,
			);
			path = Model;
			sourceTree = "<group>";
		};
		32FB2E0215179014007AE82B /* ThriftTypes+Services */ = {
			isa = PBXGroup;
			children = (
				32FB2E0315179014007AE82B /* transport.h */,
				32FB2E0415179014007AE82B /* transport.m */,
			);
			path = "ThriftTypes+Services";
			sourceTree = "<group>";
		};
		32FB2E0715179014007AE82B /* Views */ = {
			isa = PBXGroup;
			children = (
				32FB2E0815179014007AE82B /* Images */,
			);
			path = Views;
			sourceTree = "<group>";
		};
		32FB2E0815179014007AE82B /* Images */ = {
			isa = PBXGroup;
			children = (
			);
			path = Images;
			sourceTree = "<group>";
		};
		32FB2E0C1517901D007AE82B /* Supporting Files */ = {
			isa = PBXGroup;
			children = (
				32FB2DFE15179014007AE82B /* TransportPlugin.strings */,
			);
			name = "Supporting Files";
			sourceTree = "<group>";
		};
/* End PBXGroup section */

/* Begin PBXNativeTarget section */
		3219EF4B14FCDE4900A271CD /* PocketCampus */ = {
			isa = PBXNativeTarget;
			buildConfigurationList = 3219EF6414FCDE4900A271CD /* Build configuration list for PBXNativeTarget "PocketCampus" */;
			buildPhases = (
				3219EF4814FCDE4900A271CD /* Sources */,
				3219EF4914FCDE4900A271CD /* Frameworks */,
				3219EF4A14FCDE4900A271CD /* Resources */,
			);
			buildRules = (
			);
			dependencies = (
			);
			name = PocketCampus;
			productName = PocketCampus;
			productReference = 3219EF4C14FCDE4900A271CD /* PocketCampus.app */;
			productType = "com.apple.product-type.application";
		};
/* End PBXNativeTarget section */

/* Begin PBXProject section */
		3219EF4314FCDE4800A271CD /* Project object */ = {
			isa = PBXProject;
			attributes = {
				LastUpgradeCheck = 0430;
				ORGANIZATIONNAME = EPFL;
			};
			buildConfigurationList = 3219EF4614FCDE4800A271CD /* Build configuration list for PBXProject "PocketCampus" */;
			compatibilityVersion = "Xcode 3.2";
			developmentRegion = English;
			hasScannedForEncodings = 0;
			knownRegions = (
				en,
				fr,
			);
			mainGroup = 3219EF4114FCDE4800A271CD;
			productRefGroup = 3219EF4D14FCDE4900A271CD /* Products */;
			projectDirPath = "";
			projectRoot = "";
			targets = (
				3219EF4B14FCDE4900A271CD /* PocketCampus */,
			);
		};
/* End PBXProject section */

/* Begin PBXResourcesBuildPhase section */
		3219EF4A14FCDE4900A271CD /* Resources */ = {
			isa = PBXResourcesBuildPhase;
			buildActionMask = 2147483647;
			files = (
				320AAC7514FD481E00F71CD7 /* Config.plist in Resources */,
				3296570B14FF9DDB00C44C12 /* PocketCampus.strings in Resources */,
				32704C7C15002F67002BCB75 /* Plugins.plist in Resources */,
				32FAC0F81500F40700925180 /* DirectoryPlugin.strings in Resources */,
				32FAC0FD1500F40700925180 /* DirectorySearchView.xib in Resources */,
				32EF43881501260100899B86 /* HomeView.xib in Resources */,
				32C739F9150158B900455CF0 /* SettingsToolbar.png in Resources */,
				32C739FB1501590600455CF0 /* SettingsToolbar@2x.png in Resources */,
				326B924815022C8A00DB4AEE /* HomeNavbar@2x.png in Resources */,
				326B924A15022D6700DB4AEE /* HomeNavbar.png in Resources */,
				3203ECD41503C01E004C2A13 /* LoadingIndicator.png in Resources */,
				32015037150401E000FF87B6 /* DirectoryLarge.png in Resources */,
				3247C3B71504F2E10079522A /* FoodPlugin.strings in Resources */,
				3217CE0C1508EB4D00BF94F7 /* RestaurantsListView.xib in Resources */,
				3289D28A15094739008DD299 /* Directory.png in Resources */,
				3289D28B15094739008DD299 /* Directory@2x.png in Resources */,
				3289D28E1509474A008DD299 /* Food.png in Resources */,
				3289D28F1509474A008DD299 /* Food@2x.png in Resources */,
				32DE61F7150A1D2A00A4AB6E /* FoodLarge.png in Resources */,
				328B9ED0150B705200B50024 /* MenusListView.xib in Resources */,
				328B9EF4150B927500B50024 /* RatingStar.png in Resources */,
				328B9EF5150B927500B50024 /* RatingStar@2x.png in Resources */,
				3276BE0B150BBA77001F2A88 /* RatingStarEmpty.png in Resources */,
				3276BE0C150BBA77001F2A88 /* RatingStarEmpty@2x.png in Resources */,
				3276BE10150BBEE9001F2A88 /* RatingPoint.png in Resources */,
				3276BE11150BBEE9001F2A88 /* RatingPoint@2x.png in Resources */,
				32FB2E0915179014007AE82B /* TransportPlugin.strings in Resources */,
			);
			runOnlyForDeploymentPostprocessing = 0;
		};
/* End PBXResourcesBuildPhase section */

/* Begin PBXSourcesBuildPhase section */
		3219EF4814FCDE4900A271CD /* Sources */ = {
			isa = PBXSourcesBuildPhase;
			buildActionMask = 2147483647;
			files = (
				3219EF5D14FCDE4900A271CD /* main.m in Sources */,
				3219EF8C14FCE08300A271CD /* TBinaryProtocol.m in Sources */,
				3219EF8D14FCE08300A271CD /* TProtocolException.m in Sources */,
				3219EF8E14FCE08300A271CD /* TProtocolUtil.m in Sources */,
				3219EF8F14FCE08300A271CD /* TSocketServer.m in Sources */,
				3219EF9014FCE08300A271CD /* TApplicationException.m in Sources */,
				3219EF9114FCE08300A271CD /* TException.m in Sources */,
				3219EF9214FCE08300A271CD /* THTTPClient.m in Sources */,
				3219EF9314FCE08300A271CD /* TMemoryBuffer.m in Sources */,
				3219EF9414FCE08300A271CD /* TNSFileHandleTransport.m in Sources */,
				3219EF9514FCE08300A271CD /* TNSStreamTransport.m in Sources */,
				3219EF9614FCE08300A271CD /* TSocketClient.m in Sources */,
				3219EF9714FCE08300A271CD /* TTransportException.m in Sources */,
				3219EF9814FCE08300A271CD /* TSharedProcessorFactory.m in Sources */,
				328869AC14FE5AF400CC97DB /* AppDelegate.m in Sources */,
				328869BD14FE6EBA00CC97DB /* HomeViewController.m in Sources */,
				32704C67150016B3002BCB75 /* PluginController.m in Sources */,
				32FAC0F51500F40700925180 /* DirectoryController.m in Sources */,
				32FAC0F61500F40700925180 /* DirectorySearchViewController.m in Sources */,
				32FAC0F91500F40700925180 /* DirectoryService.m in Sources */,
				32FAC0FA1500F40700925180 /* directory.m in Sources */,
				32FAC1061500FE9F00925180 /* MainController.m in Sources */,
				32EF438B1501272B00899B86 /* HomeIcon.m in Sources */,
				32102B6615050B9D0076537E /* food.m in Sources */,
				32102B6915050BB50076537E /* common.m in Sources */,
				32102B6C15050C000076537E /* FoodService.m in Sources */,
				3242DE1F150577050082D720 /* Service.m in Sources */,
				3217CE0A1508E31200BF94F7 /* FoodController.m in Sources */,
				3217CE0F1508F92700BF94F7 /* RestaurantsListViewController.m in Sources */,
				328B9ED3150B77DD00B50024 /* MenusListViewController.m in Sources */,
				328B9EDE150B7DDE00B50024 /* MealCell.m in Sources */,
				328B9EED150B8E7B00B50024 /* JSFavStarControl.m in Sources */,
				328B9EFD150BA23D00B50024 /* PCValues.m in Sources */,
				3266394A150C00E100719F6E /* NSString+MD5Addition.m in Sources */,
				3266394B150C00E100719F6E /* UIDevice+IdentifierAddition.m in Sources */,
				3247CAF815135FD800105A71 /* PCTableViewSectionHeader.m in Sources */,
				32FB2E0A15179014007AE82B /* transport.m in Sources */,
				32FB2E0B15179014007AE82B /* TransportService.m in Sources */,
			);
			runOnlyForDeploymentPostprocessing = 0;
		};
/* End PBXSourcesBuildPhase section */

/* Begin PBXVariantGroup section */
		3247C3B01504F2E10079522A /* FoodPlugin.strings */ = {
			isa = PBXVariantGroup;
			children = (
				3247C3B11504F2E10079522A /* en */,
				3247C3B21504F2E10079522A /* fr */,
			);
			name = FoodPlugin.strings;
			sourceTree = "<group>";
		};
		3296570914FF9DDB00C44C12 /* PocketCampus.strings */ = {
			isa = PBXVariantGroup;
			children = (
				3296570A14FF9DDB00C44C12 /* fr */,
				3296570C14FF9DE300C44C12 /* en */,
			);
			name = PocketCampus.strings;
			sourceTree = "<group>";
		};
		32FAC0E81500F40700925180 /* DirectoryPlugin.strings */ = {
			isa = PBXVariantGroup;
			children = (
				32FAC0E91500F40700925180 /* en */,
				32FAC0EA1500F40700925180 /* fr */,
			);
			name = DirectoryPlugin.strings;
			sourceTree = "<group>";
		};
		32FB2DFE15179014007AE82B /* TransportPlugin.strings */ = {
			isa = PBXVariantGroup;
			children = (
				32FB2DFF15179014007AE82B /* en */,
				32FB2E0015179014007AE82B /* fr */,
			);
			name = TransportPlugin.strings;
			sourceTree = "<group>";
		};
/* End PBXVariantGroup section */

/* Begin XCBuildConfiguration section */
		3219EF6214FCDE4900A271CD /* Debug */ = {
			isa = XCBuildConfiguration;
			buildSettings = {
				ALWAYS_SEARCH_USER_PATHS = YES;
				ARCHS = "$(ARCHS_STANDARD_32_BIT)";
				CODE_SIGN_IDENTITY = "iPhone Developer: EPFL SDP (T3VMJ9JGA4)";
				"CODE_SIGN_IDENTITY[sdk=iphoneos*]" = "iPhone Developer";
				COPY_PHASE_STRIP = NO;
				GCC_C_LANGUAGE_STANDARD = gnu99;
				GCC_DYNAMIC_NO_PIC = NO;
				GCC_OPTIMIZATION_LEVEL = 0;
				GCC_PREPROCESSOR_DEFINITIONS = (
					"DEBUG=1",
					"$(inherited)",
				);
				GCC_SYMBOLS_PRIVATE_EXTERN = NO;
				GCC_VERSION = com.apple.compilers.llvm.clang.1_0;
				GCC_WARN_ABOUT_RETURN_TYPE = YES;
				GCC_WARN_UNINITIALIZED_AUTOS = YES;
				GCC_WARN_UNUSED_VARIABLE = YES;
				IPHONEOS_DEPLOYMENT_TARGET = 5.0;
				PROVISIONING_PROFILE = "0ED406E4-8D28-45DB-95EC-22345AFD5686";
				SDKROOT = iphoneos;
				USER_HEADER_SEARCH_PATHS = "Plugins/**";
			};
			name = Debug;
		};
		3219EF6314FCDE4900A271CD /* Release */ = {
			isa = XCBuildConfiguration;
			buildSettings = {
				ALWAYS_SEARCH_USER_PATHS = YES;
				ARCHS = "$(ARCHS_STANDARD_32_BIT)";
				CODE_SIGN_IDENTITY = "iPhone Developer: EPFL SDP (T3VMJ9JGA4)";
				"CODE_SIGN_IDENTITY[sdk=iphoneos*]" = "iPhone Developer";
				COPY_PHASE_STRIP = YES;
				GCC_C_LANGUAGE_STANDARD = gnu99;
				GCC_VERSION = com.apple.compilers.llvm.clang.1_0;
				GCC_WARN_ABOUT_RETURN_TYPE = YES;
				GCC_WARN_UNINITIALIZED_AUTOS = YES;
				GCC_WARN_UNUSED_VARIABLE = YES;
				IPHONEOS_DEPLOYMENT_TARGET = 5.0;
				OTHER_CFLAGS = "-DNS_BLOCK_ASSERTIONS=1";
				PROVISIONING_PROFILE = "0ED406E4-8D28-45DB-95EC-22345AFD5686";
				SDKROOT = iphoneos;
				USER_HEADER_SEARCH_PATHS = "Plugins/**";
				VALIDATE_PRODUCT = YES;
			};
			name = Release;
		};
		3219EF6514FCDE4900A271CD /* Debug */ = {
			isa = XCBuildConfiguration;
			buildSettings = {
				GCC_PRECOMPILE_PREFIX_HEADER = YES;
				GCC_PREFIX_HEADER = "PocketCampus/PocketCampus-Prefix.pch";
				INFOPLIST_FILE = "PocketCampus/PocketCampus-Info.plist";
				IPHONEOS_DEPLOYMENT_TARGET = 4.3;
				PRODUCT_NAME = "$(TARGET_NAME)";
				WRAPPER_EXTENSION = app;
			};
			name = Debug;
		};
		3219EF6614FCDE4900A271CD /* Release */ = {
			isa = XCBuildConfiguration;
			buildSettings = {
				GCC_PRECOMPILE_PREFIX_HEADER = YES;
				GCC_PREFIX_HEADER = "PocketCampus/PocketCampus-Prefix.pch";
				INFOPLIST_FILE = "PocketCampus/PocketCampus-Info.plist";
				IPHONEOS_DEPLOYMENT_TARGET = 4.3;
				PRODUCT_NAME = "$(TARGET_NAME)";
				WRAPPER_EXTENSION = app;
			};
			name = Release;
		};
/* End XCBuildConfiguration section */

/* Begin XCConfigurationList section */
		3219EF4614FCDE4800A271CD /* Build configuration list for PBXProject "PocketCampus" */ = {
			isa = XCConfigurationList;
			buildConfigurations = (
				3219EF6214FCDE4900A271CD /* Debug */,
				3219EF6314FCDE4900A271CD /* Release */,
			);
			defaultConfigurationIsVisible = 0;
			defaultConfigurationName = Release;
		};
		3219EF6414FCDE4900A271CD /* Build configuration list for PBXNativeTarget "PocketCampus" */ = {
			isa = XCConfigurationList;
			buildConfigurations = (
				3219EF6514FCDE4900A271CD /* Debug */,
				3219EF6614FCDE4900A271CD /* Release */,
			);
			defaultConfigurationIsVisible = 0;
			defaultConfigurationName = Release;
		};
/* End XCConfigurationList section */
	};
	rootObject = 3219EF4314FCDE4800A271CD /* Project object */;
}
